// !$*UTF8*$!
{
	archiveVersion = 1;
	classes = {
	};
	objectVersion = 48;
	objects = {

/* Begin PBXBuildFile section */
		221ED8D41FF223F700D9540E /* TextFieldWithBtn.m in Sources */ = {isa = PBXBuildFile; fileRef = 221ED8D31FF223F700D9540E /* TextFieldWithBtn.m */; };
		225394491FECDAAC00A002C0 /* AccountCell.m in Sources */ = {isa = PBXBuildFile; fileRef = 225394481FECDAAC00A002C0 /* AccountCell.m */; };
		2253944F1FECE31C00A002C0 /* AccountModel.m in Sources */ = {isa = PBXBuildFile; fileRef = 2253944E1FECE31C00A002C0 /* AccountModel.m */; };
		225394521FECF53200A002C0 /* AddInfoView.m in Sources */ = {isa = PBXBuildFile; fileRef = 225394511FECF53200A002C0 /* AddInfoView.m */; };
		225394551FED06FE00A002C0 /* main_acc_ed.png in Resources */ = {isa = PBXBuildFile; fileRef = 225394531FED06FE00A002C0 /* main_acc_ed.png */; };
		225394561FED06FE00A002C0 /* main_acc.png in Resources */ = {isa = PBXBuildFile; fileRef = 225394541FED06FE00A002C0 /* main_acc.png */; };
		225394591FED08DD00A002C0 /* main_note.png in Resources */ = {isa = PBXBuildFile; fileRef = 225394571FED08DC00A002C0 /* main_note.png */; };
		2253945A1FED08DD00A002C0 /* main_note_ed.png in Resources */ = {isa = PBXBuildFile; fileRef = 225394581FED08DC00A002C0 /* main_note_ed.png */; };
		2253945D1FED08E600A002C0 /* main_other.png in Resources */ = {isa = PBXBuildFile; fileRef = 2253945B1FED08E600A002C0 /* main_other.png */; };
		2253945E1FED08E600A002C0 /* main_other_ed.png in Resources */ = {isa = PBXBuildFile; fileRef = 2253945C1FED08E600A002C0 /* main_other_ed.png */; };
		225394611FED08EF00A002C0 /* main_add.png in Resources */ = {isa = PBXBuildFile; fileRef = 2253945F1FED08EF00A002C0 /* main_add.png */; };
		225394621FED08EF00A002C0 /* main_add_ed.png in Resources */ = {isa = PBXBuildFile; fileRef = 225394601FED08EF00A002C0 /* main_add_ed.png */; };
		225394651FED08F600A002C0 /* main_per.png in Resources */ = {isa = PBXBuildFile; fileRef = 225394631FED08F600A002C0 /* main_per.png */; };
		225450BC1FF3454F007A3BAD /* SelectImgSheet.m in Sources */ = {isa = PBXBuildFile; fileRef = 225450BB1FF3454F007A3BAD /* SelectImgSheet.m */; };
		225450C11FF3805F007A3BAD /* InfoPlist.strings in Resources */ = {isa = PBXBuildFile; fileRef = 225450C31FF3805F007A3BAD /* InfoPlist.strings */; };
		225450C71FF38196007A3BAD /* LoacalString.strings in Resources */ = {isa = PBXBuildFile; fileRef = 225450C91FF38196007A3BAD /* LoacalString.strings */; };
		225450CD1FF38477007A3BAD /* PersonDataModel.m in Sources */ = {isa = PBXBuildFile; fileRef = 225450CC1FF38477007A3BAD /* PersonDataModel.m */; };
		225450D01FF39770007A3BAD /* PersonCell.m in Sources */ = {isa = PBXBuildFile; fileRef = 225450CF1FF39770007A3BAD /* PersonCell.m */; };
		225450D91FF39D7E007A3BAD /* P_pw@2x.png in Resources */ = {isa = PBXBuildFile; fileRef = 225450D11FF39D7D007A3BAD /* P_pw@2x.png */; };
		225450DA1FF39D7E007A3BAD /* P_pw@3x.png in Resources */ = {isa = PBXBuildFile; fileRef = 225450D21FF39D7D007A3BAD /* P_pw@3x.png */; };
		225450DB1FF39D7E007A3BAD /* p_clear@3x.png in Resources */ = {isa = PBXBuildFile; fileRef = 225450D31FF39D7D007A3BAD /* p_clear@3x.png */; };
		225450DC1FF39D7E007A3BAD /* p_other@3x.png in Resources */ = {isa = PBXBuildFile; fileRef = 225450D41FF39D7E007A3BAD /* p_other@3x.png */; };
		225450DD1FF39D7E007A3BAD /* p_info@3x.png in Resources */ = {isa = PBXBuildFile; fileRef = 225450D51FF39D7E007A3BAD /* p_info@3x.png */; };
		225450DE1FF39D7E007A3BAD /* p_info@2x.png in Resources */ = {isa = PBXBuildFile; fileRef = 225450D61FF39D7E007A3BAD /* p_info@2x.png */; };
		225450DF1FF39D7E007A3BAD /* p_clear@2x.png in Resources */ = {isa = PBXBuildFile; fileRef = 225450D71FF39D7E007A3BAD /* p_clear@2x.png */; };
		225450E01FF39D7E007A3BAD /* p_other@2x.png in Resources */ = {isa = PBXBuildFile; fileRef = 225450D81FF39D7E007A3BAD /* p_other@2x.png */; };
		227384B01FFB2F3400189A5A /* NoteModel.m in Sources */ = {isa = PBXBuildFile; fileRef = 227384AF1FFB2F3400189A5A /* NoteModel.m */; };
		22C1CBB81FF4818800D01B90 /* NoteView.m in Sources */ = {isa = PBXBuildFile; fileRef = 22C1CBB71FF4818800D01B90 /* NoteView.m */; };
		22C1CBBB1FF4850300D01B90 /* TextViewCell.m in Sources */ = {isa = PBXBuildFile; fileRef = 22C1CBBA1FF4850300D01B90 /* TextViewCell.m */; };
		22C1CBBE1FF48EE200D01B90 /* AddNoteVC.m in Sources */ = {isa = PBXBuildFile; fileRef = 22C1CBBD1FF48EE200D01B90 /* AddNoteVC.m */; };
		22C1CBC11FF4912A00D01B90 /* AddAccountVC.m in Sources */ = {isa = PBXBuildFile; fileRef = 22C1CBC01FF4912A00D01B90 /* AddAccountVC.m */; };
		22C1CBC41FF4915100D01B90 /* AddAccountView.m in Sources */ = {isa = PBXBuildFile; fileRef = 22C1CBC31FF4915100D01B90 /* AddAccountView.m */; };
		22C1CBC71FF4916900D01B90 /* AddNoteView.m in Sources */ = {isa = PBXBuildFile; fileRef = 22C1CBC61FF4916900D01B90 /* AddNoteView.m */; };
		22C1CBCD1FF496E100D01B90 /* bg_sm@3x.png in Resources */ = {isa = PBXBuildFile; fileRef = 22C1CBCB1FF496E100D01B90 /* bg_sm@3x.png */; };
		22C1CBCE1FF496E100D01B90 /* bg_sm@2x.png in Resources */ = {isa = PBXBuildFile; fileRef = 22C1CBCC1FF496E100D01B90 /* bg_sm@2x.png */; };
		22C1CBD11FF4BB8F00D01B90 /* AddItem.m in Sources */ = {isa = PBXBuildFile; fileRef = 22C1CBD01FF4BB8F00D01B90 /* AddItem.m */; };
		22C6E0331FFC816B00967E9B /* p_change@3x.png in Resources */ = {isa = PBXBuildFile; fileRef = 22C6E0311FFC816B00967E9B /* p_change@3x.png */; };
		22C6E0341FFC816B00967E9B /* p_change@2x.png in Resources */ = {isa = PBXBuildFile; fileRef = 22C6E0321FFC816B00967E9B /* p_change@2x.png */; };
		22C6E0381FFC834900967E9B /* ChangeThemeVC.m in Sources */ = {isa = PBXBuildFile; fileRef = 22C6E0371FFC834900967E9B /* ChangeThemeVC.m */; };
		22C6E03B1FFCA97400967E9B /* ChangeThemeView.m in Sources */ = {isa = PBXBuildFile; fileRef = 22C6E03A1FFCA97400967E9B /* ChangeThemeView.m */; };
		22C6E03E1FFCAFFA00967E9B /* BaseTabBarVC.m in Sources */ = {isa = PBXBuildFile; fileRef = 22C6E03D1FFCAFFA00967E9B /* BaseTabBarVC.m */; };
		22C6E0411FFCB78100967E9B /* ThemeSelectTool.m in Sources */ = {isa = PBXBuildFile; fileRef = 22C6E0401FFCB78100967E9B /* ThemeSelectTool.m */; };
		22C6E0461FFCBA3F00967E9B /* orange.bundle in Resources */ = {isa = PBXBuildFile; fileRef = 22C6E0431FFCBA3F00967E9B /* orange.bundle */; };
		22C6E0471FFCBA3F00967E9B /* red.bundle in Resources */ = {isa = PBXBuildFile; fileRef = 22C6E0441FFCBA3F00967E9B /* red.bundle */; };
		22C6E0481FFCBA3F00967E9B /* blue.bundle in Resources */ = {isa = PBXBuildFile; fileRef = 22C6E0451FFCBA3F00967E9B /* blue.bundle */; };
		22C6E04A1FFCCCE800967E9B /* main_per_ed.png in Resources */ = {isa = PBXBuildFile; fileRef = 22C6E0491FFCCCE700967E9B /* main_per_ed.png */; };
		22E57D7C1FF0F5EE001E6A0C /* back.png in Resources */ = {isa = PBXBuildFile; fileRef = 22E57D7B1FF0F5ED001E6A0C /* back.png */; };
		22F1FCA41FEE048A00D771C9 /* CommonUtils.m in Sources */ = {isa = PBXBuildFile; fileRef = 22F1FCA31FEE048A00D771C9 /* CommonUtils.m */; };
		22FD29371FF5DE8100D72DE5 /* SelectTimeSheet.m in Sources */ = {isa = PBXBuildFile; fileRef = 22FD29361FF5DE8100D72DE5 /* SelectTimeSheet.m */; };
		22FDD3021FEB509A00043B1D /* AppDelegate.m in Sources */ = {isa = PBXBuildFile; fileRef = 22FDD3011FEB509A00043B1D /* AppDelegate.m */; };
		22FDD30A1FEB509A00043B1D /* Assets.xcassets in Resources */ = {isa = PBXBuildFile; fileRef = 22FDD3091FEB509A00043B1D /* Assets.xcassets */; };
		22FDD30D1FEB509A00043B1D /* LaunchScreen.storyboard in Resources */ = {isa = PBXBuildFile; fileRef = 22FDD30B1FEB509A00043B1D /* LaunchScreen.storyboard */; };
		22FDD3101FEB509A00043B1D /* main.m in Sources */ = {isa = PBXBuildFile; fileRef = 22FDD30F1FEB509A00043B1D /* main.m */; };
		22FDD31A1FEB509B00043B1D /* EasyNoteProTests.m in Sources */ = {isa = PBXBuildFile; fileRef = 22FDD3191FEB509B00043B1D /* EasyNoteProTests.m */; };
		22FDD3251FEB509B00043B1D /* EasyNoteProUITests.m in Sources */ = {isa = PBXBuildFile; fileRef = 22FDD3241FEB509B00043B1D /* EasyNoteProUITests.m */; };
		22FDD3411FEB562900043B1D /* BaseView.m in Sources */ = {isa = PBXBuildFile; fileRef = 22FDD3391FEB562900043B1D /* BaseView.m */; };
		22FDD3421FEB562900043B1D /* Base.db in Resources */ = {isa = PBXBuildFile; fileRef = 22FDD33B1FEB562900043B1D /* Base.db */; };
		22FDD3431FEB562900043B1D /* BaseViewController.m in Sources */ = {isa = PBXBuildFile; fileRef = 22FDD33C1FEB562900043B1D /* BaseViewController.m */; };
		22FDD3441FEB562900043B1D /* BaseModel.m in Sources */ = {isa = PBXBuildFile; fileRef = 22FDD33D1FEB562900043B1D /* BaseModel.m */; };
		22FDD3491FEB58E000043B1D /* AppDelegate+Config.m in Sources */ = {isa = PBXBuildFile; fileRef = 22FDD3481FEB58E000043B1D /* AppDelegate+Config.m */; };
		22FDD3551FEB8E9B00043B1D /* DataManager.m in Sources */ = {isa = PBXBuildFile; fileRef = 22FDD3541FEB8E9B00043B1D /* DataManager.m */; };
		22FDD3581FEB8FB900043B1D /* MainDataModel.m in Sources */ = {isa = PBXBuildFile; fileRef = 22FDD3571FEB8FB900043B1D /* MainDataModel.m */; };
		22FDD3601FEB92F200043B1D /* AccountVC.m in Sources */ = {isa = PBXBuildFile; fileRef = 22FDD35F1FEB92F200043B1D /* AccountVC.m */; };
		22FDD3631FEB930C00043B1D /* AddInfoVC.m in Sources */ = {isa = PBXBuildFile; fileRef = 22FDD3621FEB930C00043B1D /* AddInfoVC.m */; };
		22FDD3661FEB931B00043B1D /* NoteVC.m in Sources */ = {isa = PBXBuildFile; fileRef = 22FDD3651FEB931B00043B1D /* NoteVC.m */; };
		22FDD3691FEB932B00043B1D /* OtherVC.m in Sources */ = {isa = PBXBuildFile; fileRef = 22FDD3681FEB932B00043B1D /* OtherVC.m */; };
		22FDD36C1FEB933D00043B1D /* PersonVC.m in Sources */ = {isa = PBXBuildFile; fileRef = 22FDD36B1FEB933D00043B1D /* PersonVC.m */; };
		22FDD36F1FEB98B100043B1D /* AccountView.m in Sources */ = {isa = PBXBuildFile; fileRef = 22FDD36E1FEB98B100043B1D /* AccountView.m */; };
		22FDD3721FEB9C0700043B1D /* PersonView.m in Sources */ = {isa = PBXBuildFile; fileRef = 22FDD3711FEB9C0700043B1D /* PersonView.m */; };
		22FDD3761FEB9F2E00043B1D /* gr_bg3x.png in Resources */ = {isa = PBXBuildFile; fileRef = 22FDD3741FEB9F2E00043B1D /* gr_bg3x.png */; };
		22FDD3771FEB9F2E00043B1D /* gr_bg@2x.png in Resources */ = {isa = PBXBuildFile; fileRef = 22FDD3751FEB9F2E00043B1D /* gr_bg@2x.png */; };
		CC745A342815EBA3B29C375F /* libPods-EasyNotePro.a in Frameworks */ = {isa = PBXBuildFile; fileRef = 3E7237B8C26EA556295BE5B3 /* libPods-EasyNotePro.a */; };
/* End PBXBuildFile section */

/* Begin PBXContainerItemProxy section */
		22FDD3161FEB509B00043B1D /* PBXContainerItemProxy */ = {
			isa = PBXContainerItemProxy;
			containerPortal = 22FDD2F51FEB509A00043B1D /* Project object */;
			proxyType = 1;
			remoteGlobalIDString = 22FDD2FC1FEB509A00043B1D;
			remoteInfo = EasyNotePro;
		};
		22FDD3211FEB509B00043B1D /* PBXContainerItemProxy */ = {
			isa = PBXContainerItemProxy;
			containerPortal = 22FDD2F51FEB509A00043B1D /* Project object */;
			proxyType = 1;
			remoteGlobalIDString = 22FDD2FC1FEB509A00043B1D;
			remoteInfo = EasyNotePro;
		};
/* End PBXContainerItemProxy section */

/* Begin PBXFileReference section */
		221ED8D21FF223F700D9540E /* TextFieldWithBtn.h */ = {isa = PBXFileReference; lastKnownFileType = sourcecode.c.h; path = TextFieldWithBtn.h; sourceTree = "<group>"; };
		221ED8D31FF223F700D9540E /* TextFieldWithBtn.m */ = {isa = PBXFileReference; lastKnownFileType = sourcecode.c.objc; path = TextFieldWithBtn.m; sourceTree = "<group>"; };
		225394471FECDAAC00A002C0 /* AccountCell.h */ = {isa = PBXFileReference; lastKnownFileType = sourcecode.c.h; path = AccountCell.h; sourceTree = "<group>"; };
		225394481FECDAAC00A002C0 /* AccountCell.m */ = {isa = PBXFileReference; lastKnownFileType = sourcecode.c.objc; path = AccountCell.m; sourceTree = "<group>"; };
		2253944D1FECE31C00A002C0 /* AccountModel.h */ = {isa = PBXFileReference; lastKnownFileType = sourcecode.c.h; path = AccountModel.h; sourceTree = "<group>"; };
		2253944E1FECE31C00A002C0 /* AccountModel.m */ = {isa = PBXFileReference; lastKnownFileType = sourcecode.c.objc; path = AccountModel.m; sourceTree = "<group>"; };
		225394501FECF53200A002C0 /* AddInfoView.h */ = {isa = PBXFileReference; lastKnownFileType = sourcecode.c.h; path = AddInfoView.h; sourceTree = "<group>"; };
		225394511FECF53200A002C0 /* AddInfoView.m */ = {isa = PBXFileReference; lastKnownFileType = sourcecode.c.objc; path = AddInfoView.m; sourceTree = "<group>"; };
		225394531FED06FE00A002C0 /* main_acc_ed.png */ = {isa = PBXFileReference; lastKnownFileType = image.png; path = main_acc_ed.png; sourceTree = "<group>"; };
		225394541FED06FE00A002C0 /* main_acc.png */ = {isa = PBXFileReference; lastKnownFileType = image.png; path = main_acc.png; sourceTree = "<group>"; };
		225394571FED08DC00A002C0 /* main_note.png */ = {isa = PBXFileReference; lastKnownFileType = image.png; path = main_note.png; sourceTree = "<group>"; };
		225394581FED08DC00A002C0 /* main_note_ed.png */ = {isa = PBXFileReference; lastKnownFileType = image.png; path = main_note_ed.png; sourceTree = "<group>"; };
		2253945B1FED08E600A002C0 /* main_other.png */ = {isa = PBXFileReference; lastKnownFileType = image.png; path = main_other.png; sourceTree = "<group>"; };
		2253945C1FED08E600A002C0 /* main_other_ed.png */ = {isa = PBXFileReference; lastKnownFileType = image.png; path = main_other_ed.png; sourceTree = "<group>"; };
		2253945F1FED08EF00A002C0 /* main_add.png */ = {isa = PBXFileReference; lastKnownFileType = image.png; path = main_add.png; sourceTree = "<group>"; };
		225394601FED08EF00A002C0 /* main_add_ed.png */ = {isa = PBXFileReference; lastKnownFileType = image.png; path = main_add_ed.png; sourceTree = "<group>"; };
		225394631FED08F600A002C0 /* main_per.png */ = {isa = PBXFileReference; lastKnownFileType = image.png; path = main_per.png; sourceTree = "<group>"; };
		225450BA1FF3454F007A3BAD /* SelectImgSheet.h */ = {isa = PBXFileReference; lastKnownFileType = sourcecode.c.h; path = SelectImgSheet.h; sourceTree = "<group>"; };
		225450BB1FF3454F007A3BAD /* SelectImgSheet.m */ = {isa = PBXFileReference; lastKnownFileType = sourcecode.c.objc; path = SelectImgSheet.m; sourceTree = "<group>"; };
		225450BF1FF3803D007A3BAD /* zh-Hans */ = {isa = PBXFileReference; lastKnownFileType = text.plist.strings; name = "zh-Hans"; path = "zh-Hans.lproj/LaunchScreen.strings"; sourceTree = "<group>"; };
		225450C01FF3804A007A3BAD /* en */ = {isa = PBXFileReference; lastKnownFileType = text.plist.strings; name = en; path = en.lproj/LaunchScreen.strings; sourceTree = "<group>"; };
		225450C21FF3805F007A3BAD /* zh-Hans */ = {isa = PBXFileReference; lastKnownFileType = text.plist.strings; name = "zh-Hans"; path = "zh-Hans.lproj/InfoPlist.strings"; sourceTree = "<group>"; };
		225450C41FF38064007A3BAD /* en */ = {isa = PBXFileReference; lastKnownFileType = text.plist.strings; name = en; path = en.lproj/InfoPlist.strings; sourceTree = "<group>"; };
		225450C81FF38196007A3BAD /* en */ = {isa = PBXFileReference; lastKnownFileType = text.plist.strings; name = en; path = en.lproj/LoacalString.strings; sourceTree = "<group>"; };
		225450CA1FF38199007A3BAD /* zh-Hans */ = {isa = PBXFileReference; lastKnownFileType = text.plist.strings; name = "zh-Hans"; path = "zh-Hans.lproj/LoacalString.strings"; sourceTree = "<group>"; };
		225450CB1FF38477007A3BAD /* PersonDataModel.h */ = {isa = PBXFileReference; lastKnownFileType = sourcecode.c.h; path = PersonDataModel.h; sourceTree = "<group>"; };
		225450CC1FF38477007A3BAD /* PersonDataModel.m */ = {isa = PBXFileReference; lastKnownFileType = sourcecode.c.objc; path = PersonDataModel.m; sourceTree = "<group>"; };
		225450CE1FF39770007A3BAD /* PersonCell.h */ = {isa = PBXFileReference; lastKnownFileType = sourcecode.c.h; path = PersonCell.h; sourceTree = "<group>"; };
		225450CF1FF39770007A3BAD /* PersonCell.m */ = {isa = PBXFileReference; lastKnownFileType = sourcecode.c.objc; path = PersonCell.m; sourceTree = "<group>"; };
		225450D11FF39D7D007A3BAD /* P_pw@2x.png */ = {isa = PBXFileReference; lastKnownFileType = image.png; path = "P_pw@2x.png"; sourceTree = "<group>"; };
		225450D21FF39D7D007A3BAD /* P_pw@3x.png */ = {isa = PBXFileReference; lastKnownFileType = image.png; path = "P_pw@3x.png"; sourceTree = "<group>"; };
		225450D31FF39D7D007A3BAD /* p_clear@3x.png */ = {isa = PBXFileReference; lastKnownFileType = image.png; path = "p_clear@3x.png"; sourceTree = "<group>"; };
		225450D41FF39D7E007A3BAD /* p_other@3x.png */ = {isa = PBXFileReference; lastKnownFileType = image.png; path = "p_other@3x.png"; sourceTree = "<group>"; };
		225450D51FF39D7E007A3BAD /* p_info@3x.png */ = {isa = PBXFileReference; lastKnownFileType = image.png; path = "p_info@3x.png"; sourceTree = "<group>"; };
		225450D61FF39D7E007A3BAD /* p_info@2x.png */ = {isa = PBXFileReference; lastKnownFileType = image.png; path = "p_info@2x.png"; sourceTree = "<group>"; };
		225450D71FF39D7E007A3BAD /* p_clear@2x.png */ = {isa = PBXFileReference; lastKnownFileType = image.png; path = "p_clear@2x.png"; sourceTree = "<group>"; };
		225450D81FF39D7E007A3BAD /* p_other@2x.png */ = {isa = PBXFileReference; lastKnownFileType = image.png; path = "p_other@2x.png"; sourceTree = "<group>"; };
		227384AE1FFB2F3400189A5A /* NoteModel.h */ = {isa = PBXFileReference; lastKnownFileType = sourcecode.c.h; path = NoteModel.h; sourceTree = "<group>"; };
		227384AF1FFB2F3400189A5A /* NoteModel.m */ = {isa = PBXFileReference; lastKnownFileType = sourcecode.c.objc; path = NoteModel.m; sourceTree = "<group>"; };
		22C1CBB61FF4818800D01B90 /* NoteView.h */ = {isa = PBXFileReference; lastKnownFileType = sourcecode.c.h; path = NoteView.h; sourceTree = "<group>"; };
		22C1CBB71FF4818800D01B90 /* NoteView.m */ = {isa = PBXFileReference; lastKnownFileType = sourcecode.c.objc; path = NoteView.m; sourceTree = "<group>"; };
		22C1CBB91FF4850300D01B90 /* TextViewCell.h */ = {isa = PBXFileReference; lastKnownFileType = sourcecode.c.h; path = TextViewCell.h; sourceTree = "<group>"; };
		22C1CBBA1FF4850300D01B90 /* TextViewCell.m */ = {isa = PBXFileReference; lastKnownFileType = sourcecode.c.objc; path = TextViewCell.m; sourceTree = "<group>"; };
		22C1CBBC1FF48EE200D01B90 /* AddNoteVC.h */ = {isa = PBXFileReference; lastKnownFileType = sourcecode.c.h; path = AddNoteVC.h; sourceTree = "<group>"; };
		22C1CBBD1FF48EE200D01B90 /* AddNoteVC.m */ = {isa = PBXFileReference; lastKnownFileType = sourcecode.c.objc; path = AddNoteVC.m; sourceTree = "<group>"; };
		22C1CBBF1FF4912A00D01B90 /* AddAccountVC.h */ = {isa = PBXFileReference; lastKnownFileType = sourcecode.c.h; path = AddAccountVC.h; sourceTree = "<group>"; };
		22C1CBC01FF4912A00D01B90 /* AddAccountVC.m */ = {isa = PBXFileReference; lastKnownFileType = sourcecode.c.objc; path = AddAccountVC.m; sourceTree = "<group>"; };
		22C1CBC21FF4915100D01B90 /* AddAccountView.h */ = {isa = PBXFileReference; lastKnownFileType = sourcecode.c.h; path = AddAccountView.h; sourceTree = "<group>"; };
		22C1CBC31FF4915100D01B90 /* AddAccountView.m */ = {isa = PBXFileReference; lastKnownFileType = sourcecode.c.objc; path = AddAccountView.m; sourceTree = "<group>"; };
		22C1CBC51FF4916900D01B90 /* AddNoteView.h */ = {isa = PBXFileReference; lastKnownFileType = sourcecode.c.h; path = AddNoteView.h; sourceTree = "<group>"; };
		22C1CBC61FF4916900D01B90 /* AddNoteView.m */ = {isa = PBXFileReference; lastKnownFileType = sourcecode.c.objc; path = AddNoteView.m; sourceTree = "<group>"; };
		22C1CBCB1FF496E100D01B90 /* bg_sm@3x.png */ = {isa = PBXFileReference; lastKnownFileType = image.png; path = "bg_sm@3x.png"; sourceTree = "<group>"; };
		22C1CBCC1FF496E100D01B90 /* bg_sm@2x.png */ = {isa = PBXFileReference; lastKnownFileType = image.png; path = "bg_sm@2x.png"; sourceTree = "<group>"; };
		22C1CBCF1FF4BB8F00D01B90 /* AddItem.h */ = {isa = PBXFileReference; lastKnownFileType = sourcecode.c.h; path = AddItem.h; sourceTree = "<group>"; };
		22C1CBD01FF4BB8F00D01B90 /* AddItem.m */ = {isa = PBXFileReference; lastKnownFileType = sourcecode.c.objc; path = AddItem.m; sourceTree = "<group>"; };
		22C6E0311FFC816B00967E9B /* p_change@3x.png */ = {isa = PBXFileReference; lastKnownFileType = image.png; path = "p_change@3x.png"; sourceTree = "<group>"; };
		22C6E0321FFC816B00967E9B /* p_change@2x.png */ = {isa = PBXFileReference; lastKnownFileType = image.png; path = "p_change@2x.png"; sourceTree = "<group>"; };
		22C6E0361FFC834900967E9B /* ChangeThemeVC.h */ = {isa = PBXFileReference; lastKnownFileType = sourcecode.c.h; path = ChangeThemeVC.h; sourceTree = "<group>"; };
		22C6E0371FFC834900967E9B /* ChangeThemeVC.m */ = {isa = PBXFileReference; lastKnownFileType = sourcecode.c.objc; path = ChangeThemeVC.m; sourceTree = "<group>"; };
		22C6E0391FFCA97400967E9B /* ChangeThemeView.h */ = {isa = PBXFileReference; lastKnownFileType = sourcecode.c.h; path = ChangeThemeView.h; sourceTree = "<group>"; };
		22C6E03A1FFCA97400967E9B /* ChangeThemeView.m */ = {isa = PBXFileReference; lastKnownFileType = sourcecode.c.objc; path = ChangeThemeView.m; sourceTree = "<group>"; };
		22C6E03C1FFCAFFA00967E9B /* BaseTabBarVC.h */ = {isa = PBXFileReference; lastKnownFileType = sourcecode.c.h; path = BaseTabBarVC.h; sourceTree = "<group>"; };
		22C6E03D1FFCAFFA00967E9B /* BaseTabBarVC.m */ = {isa = PBXFileReference; lastKnownFileType = sourcecode.c.objc; path = BaseTabBarVC.m; sourceTree = "<group>"; };
		22C6E03F1FFCB78100967E9B /* ThemeSelectTool.h */ = {isa = PBXFileReference; lastKnownFileType = sourcecode.c.h; path = ThemeSelectTool.h; sourceTree = "<group>"; };
		22C6E0401FFCB78100967E9B /* ThemeSelectTool.m */ = {isa = PBXFileReference; lastKnownFileType = sourcecode.c.objc; path = ThemeSelectTool.m; sourceTree = "<group>"; };
		22C6E0431FFCBA3F00967E9B /* orange.bundle */ = {isa = PBXFileReference; lastKnownFileType = "wrapper.plug-in"; path = orange.bundle; sourceTree = "<group>"; };
		22C6E0441FFCBA3F00967E9B /* red.bundle */ = {isa = PBXFileReference; lastKnownFileType = "wrapper.plug-in"; path = red.bundle; sourceTree = "<group>"; };
		22C6E0451FFCBA3F00967E9B /* blue.bundle */ = {isa = PBXFileReference; lastKnownFileType = "wrapper.plug-in"; path = blue.bundle; sourceTree = "<group>"; };
		22C6E0491FFCCCE700967E9B /* main_per_ed.png */ = {isa = PBXFileReference; lastKnownFileType = image.png; path = main_per_ed.png; sourceTree = "<group>"; };
		22E57D7B1FF0F5ED001E6A0C /* back.png */ = {isa = PBXFileReference; lastKnownFileType = image.png; path = back.png; sourceTree = "<group>"; };
		22F1FCA21FEE048A00D771C9 /* CommonUtils.h */ = {isa = PBXFileReference; fileEncoding = 4; lastKnownFileType = sourcecode.c.h; path = CommonUtils.h; sourceTree = "<group>"; };
		22F1FCA31FEE048A00D771C9 /* CommonUtils.m */ = {isa = PBXFileReference; fileEncoding = 4; lastKnownFileType = sourcecode.c.objc; path = CommonUtils.m; sourceTree = "<group>"; };
		22FD29351FF5DE8100D72DE5 /* SelectTimeSheet.h */ = {isa = PBXFileReference; lastKnownFileType = sourcecode.c.h; path = SelectTimeSheet.h; sourceTree = "<group>"; };
		22FD29361FF5DE8100D72DE5 /* SelectTimeSheet.m */ = {isa = PBXFileReference; lastKnownFileType = sourcecode.c.objc; path = SelectTimeSheet.m; sourceTree = "<group>"; };
		22FDD2FD1FEB509A00043B1D /* EasyNotePro.app */ = {isa = PBXFileReference; explicitFileType = wrapper.application; includeInIndex = 0; path = EasyNotePro.app; sourceTree = BUILT_PRODUCTS_DIR; };
		22FDD3001FEB509A00043B1D /* AppDelegate.h */ = {isa = PBXFileReference; lastKnownFileType = sourcecode.c.h; path = AppDelegate.h; sourceTree = "<group>"; };
		22FDD3011FEB509A00043B1D /* AppDelegate.m */ = {isa = PBXFileReference; lastKnownFileType = sourcecode.c.objc; path = AppDelegate.m; sourceTree = "<group>"; };
		22FDD3091FEB509A00043B1D /* Assets.xcassets */ = {isa = PBXFileReference; lastKnownFileType = folder.assetcatalog; path = Assets.xcassets; sourceTree = "<group>"; };
		22FDD30C1FEB509A00043B1D /* Base */ = {isa = PBXFileReference; lastKnownFileType = file.storyboard; name = Base; path = Base.lproj/LaunchScreen.storyboard; sourceTree = "<group>"; };
		22FDD30E1FEB509A00043B1D /* Info.plist */ = {isa = PBXFileReference; lastKnownFileType = text.plist.xml; path = Info.plist; sourceTree = "<group>"; };
		22FDD30F1FEB509A00043B1D /* main.m */ = {isa = PBXFileReference; lastKnownFileType = sourcecode.c.objc; path = main.m; sourceTree = "<group>"; };
		22FDD3151FEB509B00043B1D /* EasyNoteProTests.xctest */ = {isa = PBXFileReference; explicitFileType = wrapper.cfbundle; includeInIndex = 0; path = EasyNoteProTests.xctest; sourceTree = BUILT_PRODUCTS_DIR; };
		22FDD3191FEB509B00043B1D /* EasyNoteProTests.m */ = {isa = PBXFileReference; lastKnownFileType = sourcecode.c.objc; path = EasyNoteProTests.m; sourceTree = "<group>"; };
		22FDD31B1FEB509B00043B1D /* Info.plist */ = {isa = PBXFileReference; lastKnownFileType = text.plist.xml; path = Info.plist; sourceTree = "<group>"; };
		22FDD3201FEB509B00043B1D /* EasyNoteProUITests.xctest */ = {isa = PBXFileReference; explicitFileType = wrapper.cfbundle; includeInIndex = 0; path = EasyNoteProUITests.xctest; sourceTree = BUILT_PRODUCTS_DIR; };
		22FDD3241FEB509B00043B1D /* EasyNoteProUITests.m */ = {isa = PBXFileReference; lastKnownFileType = sourcecode.c.objc; path = EasyNoteProUITests.m; sourceTree = "<group>"; };
		22FDD3261FEB509B00043B1D /* Info.plist */ = {isa = PBXFileReference; lastKnownFileType = text.plist.xml; path = Info.plist; sourceTree = "<group>"; };
		22FDD3371FEB557600043B1D /* Instructions.h */ = {isa = PBXFileReference; lastKnownFileType = sourcecode.c.h; path = Instructions.h; sourceTree = "<group>"; };
		22FDD3391FEB562900043B1D /* BaseView.m */ = {isa = PBXFileReference; fileEncoding = 4; lastKnownFileType = sourcecode.c.objc; path = BaseView.m; sourceTree = "<group>"; };
		22FDD33B1FEB562900043B1D /* Base.db */ = {isa = PBXFileReference; lastKnownFileType = file; path = Base.db; sourceTree = "<group>"; };
		22FDD33C1FEB562900043B1D /* BaseViewController.m */ = {isa = PBXFileReference; fileEncoding = 4; lastKnownFileType = sourcecode.c.objc; path = BaseViewController.m; sourceTree = "<group>"; };
		22FDD33D1FEB562900043B1D /* BaseModel.m */ = {isa = PBXFileReference; fileEncoding = 4; lastKnownFileType = sourcecode.c.objc; path = BaseModel.m; sourceTree = "<group>"; };
		22FDD33E1FEB562900043B1D /* BaseView.h */ = {isa = PBXFileReference; fileEncoding = 4; lastKnownFileType = sourcecode.c.h; path = BaseView.h; sourceTree = "<group>"; };
		22FDD33F1FEB562900043B1D /* BaseModel.h */ = {isa = PBXFileReference; fileEncoding = 4; lastKnownFileType = sourcecode.c.h; path = BaseModel.h; sourceTree = "<group>"; };
		22FDD3401FEB562900043B1D /* BaseViewController.h */ = {isa = PBXFileReference; fileEncoding = 4; lastKnownFileType = sourcecode.c.h; path = BaseViewController.h; sourceTree = "<group>"; };
		22FDD3461FEB56AB00043B1D /* EasyNotePch.pch */ = {isa = PBXFileReference; lastKnownFileType = sourcecode.c.h; path = EasyNotePch.pch; sourceTree = "<group>"; };
		22FDD3471FEB58E000043B1D /* AppDelegate+Config.h */ = {isa = PBXFileReference; lastKnownFileType = sourcecode.c.h; path = "AppDelegate+Config.h"; sourceTree = "<group>"; };
		22FDD3481FEB58E000043B1D /* AppDelegate+Config.m */ = {isa = PBXFileReference; lastKnownFileType = sourcecode.c.objc; path = "AppDelegate+Config.m"; sourceTree = "<group>"; };
		22FDD34A1FEB5AD300043B1D /* SomeValue.h */ = {isa = PBXFileReference; lastKnownFileType = sourcecode.c.h; path = SomeValue.h; sourceTree = "<group>"; };
		22FDD34B1FEB5BDF00043B1D /* SimpleMore.h */ = {isa = PBXFileReference; lastKnownFileType = sourcecode.c.h; path = SimpleMore.h; sourceTree = "<group>"; };
		22FDD3531FEB8E9B00043B1D /* DataManager.h */ = {isa = PBXFileReference; lastKnownFileType = sourcecode.c.h; path = DataManager.h; sourceTree = "<group>"; };
		22FDD3541FEB8E9B00043B1D /* DataManager.m */ = {isa = PBXFileReference; lastKnownFileType = sourcecode.c.objc; path = DataManager.m; sourceTree = "<group>"; };
		22FDD3561FEB8FB900043B1D /* MainDataModel.h */ = {isa = PBXFileReference; lastKnownFileType = sourcecode.c.h; path = MainDataModel.h; sourceTree = "<group>"; };
		22FDD3571FEB8FB900043B1D /* MainDataModel.m */ = {isa = PBXFileReference; lastKnownFileType = sourcecode.c.objc; path = MainDataModel.m; sourceTree = "<group>"; };
		22FDD35E1FEB92F200043B1D /* AccountVC.h */ = {isa = PBXFileReference; lastKnownFileType = sourcecode.c.h; path = AccountVC.h; sourceTree = "<group>"; };
		22FDD35F1FEB92F200043B1D /* AccountVC.m */ = {isa = PBXFileReference; lastKnownFileType = sourcecode.c.objc; path = AccountVC.m; sourceTree = "<group>"; };
		22FDD3611FEB930C00043B1D /* AddInfoVC.h */ = {isa = PBXFileReference; lastKnownFileType = sourcecode.c.h; path = AddInfoVC.h; sourceTree = "<group>"; };
		22FDD3621FEB930C00043B1D /* AddInfoVC.m */ = {isa = PBXFileReference; lastKnownFileType = sourcecode.c.objc; path = AddInfoVC.m; sourceTree = "<group>"; };
		22FDD3641FEB931B00043B1D /* NoteVC.h */ = {isa = PBXFileReference; lastKnownFileType = sourcecode.c.h; path = NoteVC.h; sourceTree = "<group>"; };
		22FDD3651FEB931B00043B1D /* NoteVC.m */ = {isa = PBXFileReference; lastKnownFileType = sourcecode.c.objc; path = NoteVC.m; sourceTree = "<group>"; };
		22FDD3671FEB932B00043B1D /* OtherVC.h */ = {isa = PBXFileReference; lastKnownFileType = sourcecode.c.h; path = OtherVC.h; sourceTree = "<group>"; };
		22FDD3681FEB932B00043B1D /* OtherVC.m */ = {isa = PBXFileReference; lastKnownFileType = sourcecode.c.objc; path = OtherVC.m; sourceTree = "<group>"; };
		22FDD36A1FEB933D00043B1D /* PersonVC.h */ = {isa = PBXFileReference; lastKnownFileType = sourcecode.c.h; path = PersonVC.h; sourceTree = "<group>"; };
		22FDD36B1FEB933D00043B1D /* PersonVC.m */ = {isa = PBXFileReference; lastKnownFileType = sourcecode.c.objc; path = PersonVC.m; sourceTree = "<group>"; };
		22FDD36D1FEB98B100043B1D /* AccountView.h */ = {isa = PBXFileReference; lastKnownFileType = sourcecode.c.h; path = AccountView.h; sourceTree = "<group>"; };
		22FDD36E1FEB98B100043B1D /* AccountView.m */ = {isa = PBXFileReference; lastKnownFileType = sourcecode.c.objc; path = AccountView.m; sourceTree = "<group>"; };
		22FDD3701FEB9C0700043B1D /* PersonView.h */ = {isa = PBXFileReference; lastKnownFileType = sourcecode.c.h; path = PersonView.h; sourceTree = "<group>"; };
		22FDD3711FEB9C0700043B1D /* PersonView.m */ = {isa = PBXFileReference; lastKnownFileType = sourcecode.c.objc; path = PersonView.m; sourceTree = "<group>"; };
		22FDD3741FEB9F2E00043B1D /* gr_bg3x.png */ = {isa = PBXFileReference; lastKnownFileType = image.png; path = gr_bg3x.png; sourceTree = "<group>"; };
		22FDD3751FEB9F2E00043B1D /* gr_bg@2x.png */ = {isa = PBXFileReference; lastKnownFileType = image.png; path = "gr_bg@2x.png"; sourceTree = "<group>"; };
		3E7237B8C26EA556295BE5B3 /* libPods-EasyNotePro.a */ = {isa = PBXFileReference; explicitFileType = archive.ar; includeInIndex = 0; path = "libPods-EasyNotePro.a"; sourceTree = BUILT_PRODUCTS_DIR; };
		5E5A0C7B7348DE0D23916642 /* Pods-EasyNotePro.debug.xcconfig */ = {isa = PBXFileReference; includeInIndex = 1; lastKnownFileType = text.xcconfig; name = "Pods-EasyNotePro.debug.xcconfig"; path = "Pods/Target Support Files/Pods-EasyNotePro/Pods-EasyNotePro.debug.xcconfig"; sourceTree = "<group>"; };
		84FC10A7E8ACA4E829E42888 /* Pods-EasyNotePro.release.xcconfig */ = {isa = PBXFileReference; includeInIndex = 1; lastKnownFileType = text.xcconfig; name = "Pods-EasyNotePro.release.xcconfig"; path = "Pods/Target Support Files/Pods-EasyNotePro/Pods-EasyNotePro.release.xcconfig"; sourceTree = "<group>"; };
/* End PBXFileReference section */

/* Begin PBXFrameworksBuildPhase section */
		22FDD2FA1FEB509A00043B1D /* Frameworks */ = {
			isa = PBXFrameworksBuildPhase;
			buildActionMask = 2147483647;
			files = (
				CC745A342815EBA3B29C375F /* libPods-EasyNotePro.a in Frameworks */,
			);
			runOnlyForDeploymentPostprocessing = 0;
		};
		22FDD3121FEB509B00043B1D /* Frameworks */ = {
			isa = PBXFrameworksBuildPhase;
			buildActionMask = 2147483647;
			files = (
			);
			runOnlyForDeploymentPostprocessing = 0;
		};
		22FDD31D1FEB509B00043B1D /* Frameworks */ = {
			isa = PBXFrameworksBuildPhase;
			buildActionMask = 2147483647;
			files = (
			);
			runOnlyForDeploymentPostprocessing = 0;
		};
/* End PBXFrameworksBuildPhase section */

/* Begin PBXGroup section */
		221ED8D11FF223A200D9540E /* CommonUIClass */ = {
			isa = PBXGroup;
			children = (
				221ED8D21FF223F700D9540E /* TextFieldWithBtn.h */,
				221ED8D31FF223F700D9540E /* TextFieldWithBtn.m */,
				225450BA1FF3454F007A3BAD /* SelectImgSheet.h */,
				225450BB1FF3454F007A3BAD /* SelectImgSheet.m */,
				22FD29351FF5DE8100D72DE5 /* SelectTimeSheet.h */,
				22FD29361FF5DE8100D72DE5 /* SelectTimeSheet.m */,
			);
			path = CommonUIClass;
			sourceTree = "<group>";
		};
		2253944A1FECE2E000A002C0 /* PersonModel */ = {
			isa = PBXGroup;
			children = (
				225450CB1FF38477007A3BAD /* PersonDataModel.h */,
				225450CC1FF38477007A3BAD /* PersonDataModel.m */,
			);
			path = PersonModel;
			sourceTree = "<group>";
		};
		2253944B1FECE2E100A002C0 /* OtherModel */ = {
			isa = PBXGroup;
			children = (
			);
			path = OtherModel;
			sourceTree = "<group>";
		};
		2253944C1FECE2E100A002C0 /* AccountModel */ = {
			isa = PBXGroup;
			children = (
				2253944D1FECE31C00A002C0 /* AccountModel.h */,
				2253944E1FECE31C00A002C0 /* AccountModel.m */,
			);
			path = AccountModel;
			sourceTree = "<group>";
		};
		227384AD1FFB2F0600189A5A /* NoteModel */ = {
			isa = PBXGroup;
			children = (
				227384AE1FFB2F3400189A5A /* NoteModel.h */,
				227384AF1FFB2F3400189A5A /* NoteModel.m */,
			);
			path = NoteModel;
			sourceTree = "<group>";
		};
		22C1CBC81FF4928400D01B90 /* AddAccount */ = {
			isa = PBXGroup;
			children = (
				22C1CBBF1FF4912A00D01B90 /* AddAccountVC.h */,
				22C1CBC01FF4912A00D01B90 /* AddAccountVC.m */,
				22C1CBC21FF4915100D01B90 /* AddAccountView.h */,
				22C1CBC31FF4915100D01B90 /* AddAccountView.m */,
			);
			path = AddAccount;
			sourceTree = "<group>";
		};
		22C1CBC91FF4928400D01B90 /* AddNote */ = {
			isa = PBXGroup;
			children = (
				22C1CBBC1FF48EE200D01B90 /* AddNoteVC.h */,
				22C1CBBD1FF48EE200D01B90 /* AddNoteVC.m */,
				22C1CBC51FF4916900D01B90 /* AddNoteView.h */,
				22C1CBC61FF4916900D01B90 /* AddNoteView.m */,
				22C1CBB91FF4850300D01B90 /* TextViewCell.h */,
				22C1CBBA1FF4850300D01B90 /* TextViewCell.m */,
			);
			path = AddNote;
			sourceTree = "<group>";
		};
		22C1CBCA1FF496E100D01B90 /* Add */ = {
			isa = PBXGroup;
			children = (
				22C1CBCB1FF496E100D01B90 /* bg_sm@3x.png */,
				22C1CBCC1FF496E100D01B90 /* bg_sm@2x.png */,
			);
			path = Add;
			sourceTree = "<group>";
		};
		22C6E0351FFC832600967E9B /* ChangeTheme */ = {
			isa = PBXGroup;
			children = (
				22C6E0361FFC834900967E9B /* ChangeThemeVC.h */,
				22C6E0371FFC834900967E9B /* ChangeThemeVC.m */,
				22C6E0391FFCA97400967E9B /* ChangeThemeView.h */,
				22C6E03A1FFCA97400967E9B /* ChangeThemeView.m */,
			);
			path = ChangeTheme;
			sourceTree = "<group>";
		};
		22C6E0421FFCB9A300967E9B /* Theme */ = {
			isa = PBXGroup;
			children = (
				22C6E0451FFCBA3F00967E9B /* blue.bundle */,
				22C6E0431FFCBA3F00967E9B /* orange.bundle */,
				22C6E0441FFCBA3F00967E9B /* red.bundle */,
			);
			path = Theme;
			sourceTree = "<group>";
		};
		22FDD2F41FEB509A00043B1D = {
			isa = PBXGroup;
			children = (
				22FDD2FF1FEB509A00043B1D /* EasyNotePro */,
				22FDD3181FEB509B00043B1D /* EasyNoteProTests */,
				22FDD3231FEB509B00043B1D /* EasyNoteProUITests */,
				22FDD2FE1FEB509A00043B1D /* Products */,
				6F42DC7114EE3E0EFA2DDF13 /* Pods */,
				6117B188A8C292EE492E2F5A /* Frameworks */,
			);
			sourceTree = "<group>";
		};
		22FDD2FE1FEB509A00043B1D /* Products */ = {
			isa = PBXGroup;
			children = (
				22FDD2FD1FEB509A00043B1D /* EasyNotePro.app */,
				22FDD3151FEB509B00043B1D /* EasyNoteProTests.xctest */,
				22FDD3201FEB509B00043B1D /* EasyNoteProUITests.xctest */,
			);
			name = Products;
			sourceTree = "<group>";
		};
		22FDD2FF1FEB509A00043B1D /* EasyNotePro */ = {
			isa = PBXGroup;
			children = (
				22FDD3001FEB509A00043B1D /* AppDelegate.h */,
				22FDD3011FEB509A00043B1D /* AppDelegate.m */,
				22FDD3471FEB58E000043B1D /* AppDelegate+Config.h */,
				22FDD3481FEB58E000043B1D /* AppDelegate+Config.m */,
				22C6E03C1FFCAFFA00967E9B /* BaseTabBarVC.h */,
				22C6E03D1FFCAFFA00967E9B /* BaseTabBarVC.m */,
				22FDD3321FEB543500043B1D /* MainProject */,
				22FDD3091FEB509A00043B1D /* Assets.xcassets */,
				22FDD30B1FEB509A00043B1D /* LaunchScreen.storyboard */,
				22FDD30E1FEB509A00043B1D /* Info.plist */,
				22FDD30F1FEB509A00043B1D /* main.m */,
			);
			path = EasyNotePro;
			sourceTree = "<group>";
		};
		22FDD3181FEB509B00043B1D /* EasyNoteProTests */ = {
			isa = PBXGroup;
			children = (
				22FDD3191FEB509B00043B1D /* EasyNoteProTests.m */,
				22FDD31B1FEB509B00043B1D /* Info.plist */,
			);
			path = EasyNoteProTests;
			sourceTree = "<group>";
		};
		22FDD3231FEB509B00043B1D /* EasyNoteProUITests */ = {
			isa = PBXGroup;
			children = (
				22FDD3241FEB509B00043B1D /* EasyNoteProUITests.m */,
				22FDD3261FEB509B00043B1D /* Info.plist */,
			);
			path = EasyNoteProUITests;
			sourceTree = "<group>";
		};
		22FDD3321FEB543500043B1D /* MainProject */ = {
			isa = PBXGroup;
			children = (
				221ED8D11FF223A200D9540E /* CommonUIClass */,
				22FDD3501FEB8E2300043B1D /* CommonUtils */,
				22FDD34F1FEB8CB200043B1D /* Model */,
				22FDD3451FEB567A00043B1D /* Macro */,
				22FDD3381FEB562900043B1D /* Base */,
				22FDD3331FEB54CB00043B1D /* Instructions(说明) */,
				22FDD3341FEB54CB00043B1D /* LocalStrings */,
				22FDD3361FEB54CB00043B1D /* PngResources */,
				22FDD3351FEB54CB00043B1D /* ViewController */,
			);
			path = MainProject;
			sourceTree = "<group>";
		};
		22FDD3331FEB54CB00043B1D /* Instructions(说明) */ = {
			isa = PBXGroup;
			children = (
				22FDD3371FEB557600043B1D /* Instructions.h */,
			);
			path = "Instructions(说明)";
			sourceTree = "<group>";
		};
		22FDD3341FEB54CB00043B1D /* LocalStrings */ = {
			isa = PBXGroup;
			children = (
				225450C31FF3805F007A3BAD /* InfoPlist.strings */,
				225450C91FF38196007A3BAD /* LoacalString.strings */,
			);
			path = LocalStrings;
			sourceTree = "<group>";
		};
		22FDD3351FEB54CB00043B1D /* ViewController */ = {
			isa = PBXGroup;
			children = (
				22FDD35A1FEB92D500043B1D /* AccountVC */,
				22FDD35C1FEB92D500043B1D /* AddInfo */,
				22FDD35B1FEB92D500043B1D /* Note */,
				22FDD35D1FEB92D600043B1D /* Other */,
				22FDD3591FEB92D500043B1D /* PersonCenter */,
			);
			path = ViewController;
			sourceTree = "<group>";
		};
		22FDD3361FEB54CB00043B1D /* PngResources */ = {
			isa = PBXGroup;
			children = (
				22C6E0421FFCB9A300967E9B /* Theme */,
				225394531FED06FE00A002C0 /* main_acc_ed.png */,
				225394541FED06FE00A002C0 /* main_acc.png */,
				225394581FED08DC00A002C0 /* main_note_ed.png */,
				225394571FED08DC00A002C0 /* main_note.png */,
				2253945C1FED08E600A002C0 /* main_other_ed.png */,
				2253945B1FED08E600A002C0 /* main_other.png */,
				225394601FED08EF00A002C0 /* main_add_ed.png */,
				2253945F1FED08EF00A002C0 /* main_add.png */,
				225394631FED08F600A002C0 /* main_per.png */,
				22C6E0491FFCCCE700967E9B /* main_per_ed.png */,
				22E57D7B1FF0F5ED001E6A0C /* back.png */,
				22C1CBCA1FF496E100D01B90 /* Add */,
				22FDD3731FEB9F1D00043B1D /* Person */,
			);
			path = PngResources;
			sourceTree = "<group>";
		};
		22FDD3381FEB562900043B1D /* Base */ = {
			isa = PBXGroup;
			children = (
				22FDD33E1FEB562900043B1D /* BaseView.h */,
				22FDD3391FEB562900043B1D /* BaseView.m */,
				22FDD3401FEB562900043B1D /* BaseViewController.h */,
				22FDD33C1FEB562900043B1D /* BaseViewController.m */,
				22FDD33F1FEB562900043B1D /* BaseModel.h */,
				22FDD33D1FEB562900043B1D /* BaseModel.m */,
			);
			path = Base;
			sourceTree = "<group>";
		};
		22FDD33A1FEB562900043B1D /* BaseData */ = {
			isa = PBXGroup;
			children = (
				22FDD33B1FEB562900043B1D /* Base.db */,
			);
			path = BaseData;
			sourceTree = "<group>";
		};
		22FDD3451FEB567A00043B1D /* Macro */ = {
			isa = PBXGroup;
			children = (
				22FDD3461FEB56AB00043B1D /* EasyNotePch.pch */,
				22FDD34B1FEB5BDF00043B1D /* SimpleMore.h */,
				22FDD34A1FEB5AD300043B1D /* SomeValue.h */,
			);
			path = Macro;
			sourceTree = "<group>";
		};
		22FDD34F1FEB8CB200043B1D /* Model */ = {
			isa = PBXGroup;
			children = (
				22FDD3561FEB8FB900043B1D /* MainDataModel.h */,
				22FDD3571FEB8FB900043B1D /* MainDataModel.m */,
				227384AD1FFB2F0600189A5A /* NoteModel */,
				2253944C1FECE2E100A002C0 /* AccountModel */,
				2253944B1FECE2E100A002C0 /* OtherModel */,
				2253944A1FECE2E000A002C0 /* PersonModel */,
				22FDD33A1FEB562900043B1D /* BaseData */,
			);
			path = Model;
			sourceTree = "<group>";
		};
		22FDD3501FEB8E2300043B1D /* CommonUtils */ = {
			isa = PBXGroup;
			children = (
				22F1FCA21FEE048A00D771C9 /* CommonUtils.h */,
				22F1FCA31FEE048A00D771C9 /* CommonUtils.m */,
				22C6E03F1FFCB78100967E9B /* ThemeSelectTool.h */,
				22C6E0401FFCB78100967E9B /* ThemeSelectTool.m */,
				22FDD3521FEB8E5700043B1D /* Https */,
				22FDD3511FEB8E5700043B1D /* LocalData */,
			);
			path = CommonUtils;
			sourceTree = "<group>";
		};
		22FDD3511FEB8E5700043B1D /* LocalData */ = {
			isa = PBXGroup;
			children = (
				22FDD3531FEB8E9B00043B1D /* DataManager.h */,
				22FDD3541FEB8E9B00043B1D /* DataManager.m */,
			);
			path = LocalData;
			sourceTree = "<group>";
		};
		22FDD3521FEB8E5700043B1D /* Https */ = {
			isa = PBXGroup;
			children = (
			);
			path = Https;
			sourceTree = "<group>";
		};
		22FDD3591FEB92D500043B1D /* PersonCenter */ = {
			isa = PBXGroup;
			children = (
				22FDD36A1FEB933D00043B1D /* PersonVC.h */,
				22FDD36B1FEB933D00043B1D /* PersonVC.m */,
				22FDD3701FEB9C0700043B1D /* PersonView.h */,
				22FDD3711FEB9C0700043B1D /* PersonView.m */,
				225450CE1FF39770007A3BAD /* PersonCell.h */,
				225450CF1FF39770007A3BAD /* PersonCell.m */,
				22C6E0351FFC832600967E9B /* ChangeTheme */,
			);
			path = PersonCenter;
			sourceTree = "<group>";
		};
		22FDD35A1FEB92D500043B1D /* AccountVC */ = {
			isa = PBXGroup;
			children = (
				22FDD35E1FEB92F200043B1D /* AccountVC.h */,
				22FDD35F1FEB92F200043B1D /* AccountVC.m */,
				22FDD36D1FEB98B100043B1D /* AccountView.h */,
				22FDD36E1FEB98B100043B1D /* AccountView.m */,
				225394471FECDAAC00A002C0 /* AccountCell.h */,
				225394481FECDAAC00A002C0 /* AccountCell.m */,
			);
			path = AccountVC;
			sourceTree = "<group>";
		};
		22FDD35B1FEB92D500043B1D /* Note */ = {
			isa = PBXGroup;
			children = (
				22FDD3641FEB931B00043B1D /* NoteVC.h */,
				22FDD3651FEB931B00043B1D /* NoteVC.m */,
				22C1CBB61FF4818800D01B90 /* NoteView.h */,
				22C1CBB71FF4818800D01B90 /* NoteView.m */,
			);
			path = Note;
			sourceTree = "<group>";
		};
		22FDD35C1FEB92D500043B1D /* AddInfo */ = {
			isa = PBXGroup;
			children = (
				22FDD3611FEB930C00043B1D /* AddInfoVC.h */,
				22FDD3621FEB930C00043B1D /* AddInfoVC.m */,
				225394501FECF53200A002C0 /* AddInfoView.h */,
				225394511FECF53200A002C0 /* AddInfoView.m */,
				22C1CBCF1FF4BB8F00D01B90 /* AddItem.h */,
				22C1CBD01FF4BB8F00D01B90 /* AddItem.m */,
				22C1CBC81FF4928400D01B90 /* AddAccount */,
				22C1CBC91FF4928400D01B90 /* AddNote */,
			);
			path = AddInfo;
			sourceTree = "<group>";
		};
		22FDD35D1FEB92D600043B1D /* Other */ = {
			isa = PBXGroup;
			children = (
				22FDD3671FEB932B00043B1D /* OtherVC.h */,
				22FDD3681FEB932B00043B1D /* OtherVC.m */,
			);
			path = Other;
			sourceTree = "<group>";
		};
		22FDD3731FEB9F1D00043B1D /* Person */ = {
			isa = PBXGroup;
			children = (
				22FDD3751FEB9F2E00043B1D /* gr_bg@2x.png */,
				22FDD3741FEB9F2E00043B1D /* gr_bg3x.png */,
				225450D71FF39D7E007A3BAD /* p_clear@2x.png */,
				225450D31FF39D7D007A3BAD /* p_clear@3x.png */,
				225450D61FF39D7E007A3BAD /* p_info@2x.png */,
				225450D51FF39D7E007A3BAD /* p_info@3x.png */,
				225450D81FF39D7E007A3BAD /* p_other@2x.png */,
				225450D41FF39D7E007A3BAD /* p_other@3x.png */,
				225450D11FF39D7D007A3BAD /* P_pw@2x.png */,
				225450D21FF39D7D007A3BAD /* P_pw@3x.png */,
				22C6E0321FFC816B00967E9B /* p_change@2x.png */,
				22C6E0311FFC816B00967E9B /* p_change@3x.png */,
			);
			path = Person;
			sourceTree = "<group>";
		};
		6117B188A8C292EE492E2F5A /* Frameworks */ = {
			isa = PBXGroup;
			children = (
				3E7237B8C26EA556295BE5B3 /* libPods-EasyNotePro.a */,
			);
			name = Frameworks;
			sourceTree = "<group>";
		};
		6F42DC7114EE3E0EFA2DDF13 /* Pods */ = {
			isa = PBXGroup;
			children = (
				5E5A0C7B7348DE0D23916642 /* Pods-EasyNotePro.debug.xcconfig */,
				84FC10A7E8ACA4E829E42888 /* Pods-EasyNotePro.release.xcconfig */,
			);
			name = Pods;
			sourceTree = "<group>";
		};
/* End PBXGroup section */

/* Begin PBXNativeTarget section */
		22FDD2FC1FEB509A00043B1D /* EasyNotePro */ = {
			isa = PBXNativeTarget;
			buildConfigurationList = 22FDD3291FEB509B00043B1D /* Build configuration list for PBXNativeTarget "EasyNotePro" */;
			buildPhases = (
				792D4400365D92FAA3F50F45 /* [CP] Check Pods Manifest.lock */,
				22FDD2F91FEB509A00043B1D /* Sources */,
				22FDD2FA1FEB509A00043B1D /* Frameworks */,
				22FDD2FB1FEB509A00043B1D /* Resources */,
				4D34D6D5E2393377D5889062 /* [CP] Embed Pods Frameworks */,
				2830804397D3C76C06985D5F /* [CP] Copy Pods Resources */,
			);
			buildRules = (
			);
			dependencies = (
			);
			name = EasyNotePro;
			productName = EasyNotePro;
			productReference = 22FDD2FD1FEB509A00043B1D /* EasyNotePro.app */;
			productType = "com.apple.product-type.application";
		};
		22FDD3141FEB509B00043B1D /* EasyNoteProTests */ = {
			isa = PBXNativeTarget;
			buildConfigurationList = 22FDD32C1FEB509B00043B1D /* Build configuration list for PBXNativeTarget "EasyNoteProTests" */;
			buildPhases = (
				22FDD3111FEB509B00043B1D /* Sources */,
				22FDD3121FEB509B00043B1D /* Frameworks */,
				22FDD3131FEB509B00043B1D /* Resources */,
			);
			buildRules = (
			);
			dependencies = (
				22FDD3171FEB509B00043B1D /* PBXTargetDependency */,
			);
			name = EasyNoteProTests;
			productName = EasyNoteProTests;
			productReference = 22FDD3151FEB509B00043B1D /* EasyNoteProTests.xctest */;
			productType = "com.apple.product-type.bundle.unit-test";
		};
		22FDD31F1FEB509B00043B1D /* EasyNoteProUITests */ = {
			isa = PBXNativeTarget;
			buildConfigurationList = 22FDD32F1FEB509B00043B1D /* Build configuration list for PBXNativeTarget "EasyNoteProUITests" */;
			buildPhases = (
				22FDD31C1FEB509B00043B1D /* Sources */,
				22FDD31D1FEB509B00043B1D /* Frameworks */,
				22FDD31E1FEB509B00043B1D /* Resources */,
			);
			buildRules = (
			);
			dependencies = (
				22FDD3221FEB509B00043B1D /* PBXTargetDependency */,
			);
			name = EasyNoteProUITests;
			productName = EasyNoteProUITests;
			productReference = 22FDD3201FEB509B00043B1D /* EasyNoteProUITests.xctest */;
			productType = "com.apple.product-type.bundle.ui-testing";
		};
/* End PBXNativeTarget section */

/* Begin PBXProject section */
		22FDD2F51FEB509A00043B1D /* Project object */ = {
			isa = PBXProject;
			attributes = {
				LastUpgradeCheck = 0910;
				ORGANIZATIONNAME = ZSwift;
				TargetAttributes = {
					22FDD2FC1FEB509A00043B1D = {
						CreatedOnToolsVersion = 9.1;
						ProvisioningStyle = Automatic;
					};
					22FDD3141FEB509B00043B1D = {
						CreatedOnToolsVersion = 9.1;
						ProvisioningStyle = Automatic;
						TestTargetID = 22FDD2FC1FEB509A00043B1D;
					};
					22FDD31F1FEB509B00043B1D = {
						CreatedOnToolsVersion = 9.1;
						ProvisioningStyle = Automatic;
						TestTargetID = 22FDD2FC1FEB509A00043B1D;
					};
				};
			};
			buildConfigurationList = 22FDD2F81FEB509A00043B1D /* Build configuration list for PBXProject "EasyNotePro" */;
			compatibilityVersion = "Xcode 8.0";
			developmentRegion = en;
			hasScannedForEncodings = 0;
			knownRegions = (
				Base,
				en,
				"zh-Hans",
			);
			mainGroup = 22FDD2F41FEB509A00043B1D;
			productRefGroup = 22FDD2FE1FEB509A00043B1D /* Products */;
			projectDirPath = "";
			projectRoot = "";
			targets = (
				22FDD2FC1FEB509A00043B1D /* EasyNotePro */,
				22FDD3141FEB509B00043B1D /* EasyNoteProTests */,
				22FDD31F1FEB509B00043B1D /* EasyNoteProUITests */,
			);
		};
/* End PBXProject section */

/* Begin PBXResourcesBuildPhase section */
		22FDD2FB1FEB509A00043B1D /* Resources */ = {
			isa = PBXResourcesBuildPhase;
			buildActionMask = 2147483647;
			files = (
				225394611FED08EF00A002C0 /* main_add.png in Resources */,
				22C6E0331FFC816B00967E9B /* p_change@3x.png in Resources */,
				225450C71FF38196007A3BAD /* LoacalString.strings in Resources */,
				22C6E0461FFCBA3F00967E9B /* orange.bundle in Resources */,
				22C6E0341FFC816B00967E9B /* p_change@2x.png in Resources */,
				2253945A1FED08DD00A002C0 /* main_note_ed.png in Resources */,
				225394621FED08EF00A002C0 /* main_add_ed.png in Resources */,
				225450D91FF39D7E007A3BAD /* P_pw@2x.png in Resources */,
				22C1CBCE1FF496E100D01B90 /* bg_sm@2x.png in Resources */,
				225450DE1FF39D7E007A3BAD /* p_info@2x.png in Resources */,
				22C6E0481FFCBA3F00967E9B /* blue.bundle in Resources */,
				225394561FED06FE00A002C0 /* main_acc.png in Resources */,
				22FDD30D1FEB509A00043B1D /* LaunchScreen.storyboard in Resources */,
				225450C11FF3805F007A3BAD /* InfoPlist.strings in Resources */,
				22C6E0471FFCBA3F00967E9B /* red.bundle in Resources */,
				2253945E1FED08E600A002C0 /* main_other_ed.png in Resources */,
				225394591FED08DD00A002C0 /* main_note.png in Resources */,
				22FDD3771FEB9F2E00043B1D /* gr_bg@2x.png in Resources */,
				22C6E04A1FFCCCE800967E9B /* main_per_ed.png in Resources */,
				22C1CBCD1FF496E100D01B90 /* bg_sm@3x.png in Resources */,
				225450E01FF39D7E007A3BAD /* p_other@2x.png in Resources */,
				225450DF1FF39D7E007A3BAD /* p_clear@2x.png in Resources */,
				225450DC1FF39D7E007A3BAD /* p_other@3x.png in Resources */,
				225450DA1FF39D7E007A3BAD /* P_pw@3x.png in Resources */,
				22FDD30A1FEB509A00043B1D /* Assets.xcassets in Resources */,
				22FDD3761FEB9F2E00043B1D /* gr_bg3x.png in Resources */,
				225450DD1FF39D7E007A3BAD /* p_info@3x.png in Resources */,
				225394651FED08F600A002C0 /* main_per.png in Resources */,
				22E57D7C1FF0F5EE001E6A0C /* back.png in Resources */,
				22FDD3421FEB562900043B1D /* Base.db in Resources */,
				225394551FED06FE00A002C0 /* main_acc_ed.png in Resources */,
				225450DB1FF39D7E007A3BAD /* p_clear@3x.png in Resources */,
				2253945D1FED08E600A002C0 /* main_other.png in Resources */,
			);
			runOnlyForDeploymentPostprocessing = 0;
		};
		22FDD3131FEB509B00043B1D /* Resources */ = {
			isa = PBXResourcesBuildPhase;
			buildActionMask = 2147483647;
			files = (
			);
			runOnlyForDeploymentPostprocessing = 0;
		};
		22FDD31E1FEB509B00043B1D /* Resources */ = {
			isa = PBXResourcesBuildPhase;
			buildActionMask = 2147483647;
			files = (
			);
			runOnlyForDeploymentPostprocessing = 0;
		};
/* End PBXResourcesBuildPhase section */

/* Begin PBXShellScriptBuildPhase section */
		2830804397D3C76C06985D5F /* [CP] Copy Pods Resources */ = {
			isa = PBXShellScriptBuildPhase;
			buildActionMask = 2147483647;
			files = (
			);
			inputPaths = (
			);
			name = "[CP] Copy Pods Resources";
			outputPaths = (
			);
			runOnlyForDeploymentPostprocessing = 0;
			shellPath = /bin/sh;
			shellScript = "\"${SRCROOT}/Pods/Target Support Files/Pods-EasyNotePro/Pods-EasyNotePro-resources.sh\"\n";
			showEnvVarsInLog = 0;
		};
		4D34D6D5E2393377D5889062 /* [CP] Embed Pods Frameworks */ = {
			isa = PBXShellScriptBuildPhase;
			buildActionMask = 2147483647;
			files = (
			);
			inputPaths = (
			);
			name = "[CP] Embed Pods Frameworks";
			outputPaths = (
			);
			runOnlyForDeploymentPostprocessing = 0;
			shellPath = /bin/sh;
			shellScript = "\"${SRCROOT}/Pods/Target Support Files/Pods-EasyNotePro/Pods-EasyNotePro-frameworks.sh\"\n";
			showEnvVarsInLog = 0;
		};
		792D4400365D92FAA3F50F45 /* [CP] Check Pods Manifest.lock */ = {
			isa = PBXShellScriptBuildPhase;
			buildActionMask = 2147483647;
			files = (
			);
			inputPaths = (
			);
			name = "[CP] Check Pods Manifest.lock";
			outputPaths = (
			);
			runOnlyForDeploymentPostprocessing = 0;
			shellPath = /bin/sh;
			shellScript = "diff \"${PODS_PODFILE_DIR_PATH}/Podfile.lock\" \"${PODS_ROOT}/Manifest.lock\" > /dev/null\nif [ $? != 0 ] ; then\n    # print error to STDERR\n    echo \"error: The sandbox is not in sync with the Podfile.lock. Run 'pod install' or update your CocoaPods installation.\" >&2\n    exit 1\nfi\n";
			showEnvVarsInLog = 0;
		};
/* End PBXShellScriptBuildPhase section */

/* Begin PBXSourcesBuildPhase section */
		22FDD2F91FEB509A00043B1D /* Sources */ = {
			isa = PBXSourcesBuildPhase;
			buildActionMask = 2147483647;
			files = (
				22C1CBD11FF4BB8F00D01B90 /* AddItem.m in Sources */,
				22FDD3491FEB58E000043B1D /* AppDelegate+Config.m in Sources */,
				22FDD3441FEB562900043B1D /* BaseModel.m in Sources */,
				225450CD1FF38477007A3BAD /* PersonDataModel.m in Sources */,
				2253944F1FECE31C00A002C0 /* AccountModel.m in Sources */,
				22C1CBC41FF4915100D01B90 /* AddAccountView.m in Sources */,
				22FDD3431FEB562900043B1D /* BaseViewController.m in Sources */,
				22FDD3631FEB930C00043B1D /* AddInfoVC.m in Sources */,
				22C6E03E1FFCAFFA00967E9B /* BaseTabBarVC.m in Sources */,
				225450BC1FF3454F007A3BAD /* SelectImgSheet.m in Sources */,
				22F1FCA41FEE048A00D771C9 /* CommonUtils.m in Sources */,
				22FDD36F1FEB98B100043B1D /* AccountView.m in Sources */,
				22C6E0381FFC834900967E9B /* ChangeThemeVC.m in Sources */,
				22C6E0411FFCB78100967E9B /* ThemeSelectTool.m in Sources */,
				225394491FECDAAC00A002C0 /* AccountCell.m in Sources */,
				22C1CBC11FF4912A00D01B90 /* AddAccountVC.m in Sources */,
				227384B01FFB2F3400189A5A /* NoteModel.m in Sources */,
				22FDD3601FEB92F200043B1D /* AccountVC.m in Sources */,
				22FDD3721FEB9C0700043B1D /* PersonView.m in Sources */,
				225450D01FF39770007A3BAD /* PersonCell.m in Sources */,
				22FDD3661FEB931B00043B1D /* NoteVC.m in Sources */,
				22FDD3101FEB509A00043B1D /* main.m in Sources */,
				22FD29371FF5DE8100D72DE5 /* SelectTimeSheet.m in Sources */,
				22C1CBC71FF4916900D01B90 /* AddNoteView.m in Sources */,
				22FDD3581FEB8FB900043B1D /* MainDataModel.m in Sources */,
				22C1CBBE1FF48EE200D01B90 /* AddNoteVC.m in Sources */,
				22FDD3551FEB8E9B00043B1D /* DataManager.m in Sources */,
				221ED8D41FF223F700D9540E /* TextFieldWithBtn.m in Sources */,
				22FDD3021FEB509A00043B1D /* AppDelegate.m in Sources */,
				22C1CBBB1FF4850300D01B90 /* TextViewCell.m in Sources */,
				22C6E03B1FFCA97400967E9B /* ChangeThemeView.m in Sources */,
				22FDD36C1FEB933D00043B1D /* PersonVC.m in Sources */,
				22FDD3691FEB932B00043B1D /* OtherVC.m in Sources */,
				225394521FECF53200A002C0 /* AddInfoView.m in Sources */,
				22C1CBB81FF4818800D01B90 /* NoteView.m in Sources */,
				22FDD3411FEB562900043B1D /* BaseView.m in Sources */,
			);
			runOnlyForDeploymentPostprocessing = 0;
		};
		22FDD3111FEB509B00043B1D /* Sources */ = {
			isa = PBXSourcesBuildPhase;
			buildActionMask = 2147483647;
			files = (
				22FDD31A1FEB509B00043B1D /* EasyNoteProTests.m in Sources */,
			);
			runOnlyForDeploymentPostprocessing = 0;
		};
		22FDD31C1FEB509B00043B1D /* Sources */ = {
			isa = PBXSourcesBuildPhase;
			buildActionMask = 2147483647;
			files = (
				22FDD3251FEB509B00043B1D /* EasyNoteProUITests.m in Sources */,
			);
			runOnlyForDeploymentPostprocessing = 0;
		};
/* End PBXSourcesBuildPhase section */

/* Begin PBXTargetDependency section */
		22FDD3171FEB509B00043B1D /* PBXTargetDependency */ = {
			isa = PBXTargetDependency;
			target = 22FDD2FC1FEB509A00043B1D /* EasyNotePro */;
			targetProxy = 22FDD3161FEB509B00043B1D /* PBXContainerItemProxy */;
		};
		22FDD3221FEB509B00043B1D /* PBXTargetDependency */ = {
			isa = PBXTargetDependency;
			target = 22FDD2FC1FEB509A00043B1D /* EasyNotePro */;
			targetProxy = 22FDD3211FEB509B00043B1D /* PBXContainerItemProxy */;
		};
/* End PBXTargetDependency section */

/* Begin PBXVariantGroup section */
		225450C31FF3805F007A3BAD /* InfoPlist.strings */ = {
			isa = PBXVariantGroup;
			children = (
				225450C21FF3805F007A3BAD /* zh-Hans */,
				225450C41FF38064007A3BAD /* en */,
			);
			name = InfoPlist.strings;
			sourceTree = "<group>";
		};
		225450C91FF38196007A3BAD /* LoacalString.strings */ = {
			isa = PBXVariantGroup;
			children = (
				225450C81FF38196007A3BAD /* en */,
				225450CA1FF38199007A3BAD /* zh-Hans */,
			);
			name = LoacalString.strings;
			sourceTree = "<group>";
		};
		22FDD30B1FEB509A00043B1D /* LaunchScreen.storyboard */ = {
			isa = PBXVariantGroup;
			children = (
				22FDD30C1FEB509A00043B1D /* Base */,
				225450BF1FF3803D007A3BAD /* zh-Hans */,
				225450C01FF3804A007A3BAD /* en */,
			);
			name = LaunchScreen.storyboard;
			sourceTree = "<group>";
		};
/* End PBXVariantGroup section */

/* Begin XCBuildConfiguration section */
		22FDD3271FEB509B00043B1D /* Debug */ = {
			isa = XCBuildConfiguration;
			buildSettings = {
				ALWAYS_SEARCH_USER_PATHS = NO;
				CLANG_ANALYZER_LOCALIZABILITY_NONLOCALIZED = YES;
				CLANG_ANALYZER_NONNULL = YES;
				CLANG_ANALYZER_NUMBER_OBJECT_CONVERSION = YES_AGGRESSIVE;
				CLANG_CXX_LANGUAGE_STANDARD = "gnu++14";
				CLANG_CXX_LIBRARY = "libc++";
				CLANG_ENABLE_MODULES = YES;
				CLANG_ENABLE_OBJC_ARC = YES;
				CLANG_WARN_BLOCK_CAPTURE_AUTORELEASING = YES;
				CLANG_WARN_BOOL_CONVERSION = YES;
				CLANG_WARN_COMMA = YES;
				CLANG_WARN_CONSTANT_CONVERSION = YES;
				CLANG_WARN_DIRECT_OBJC_ISA_USAGE = YES_ERROR;
				CLANG_WARN_DOCUMENTATION_COMMENTS = YES;
				CLANG_WARN_EMPTY_BODY = YES;
				CLANG_WARN_ENUM_CONVERSION = YES;
				CLANG_WARN_INFINITE_RECURSION = YES;
				CLANG_WARN_INT_CONVERSION = YES;
				CLANG_WARN_NON_LITERAL_NULL_CONVERSION = YES;
				CLANG_WARN_OBJC_LITERAL_CONVERSION = YES;
				CLANG_WARN_OBJC_ROOT_CLASS = YES_ERROR;
				CLANG_WARN_RANGE_LOOP_ANALYSIS = YES;
				CLANG_WARN_STRICT_PROTOTYPES = YES;
				CLANG_WARN_SUSPICIOUS_MOVE = YES;
				CLANG_WARN_UNGUARDED_AVAILABILITY = YES_AGGRESSIVE;
				CLANG_WARN_UNREACHABLE_CODE = YES;
				CLANG_WARN__DUPLICATE_METHOD_MATCH = YES;
				CODE_SIGN_IDENTITY = "iPhone Developer";
				COPY_PHASE_STRIP = NO;
				DEBUG_INFORMATION_FORMAT = dwarf;
				ENABLE_STRICT_OBJC_MSGSEND = YES;
				ENABLE_TESTABILITY = YES;
				GCC_C_LANGUAGE_STANDARD = gnu11;
				GCC_DYNAMIC_NO_PIC = NO;
				GCC_NO_COMMON_BLOCKS = YES;
				GCC_OPTIMIZATION_LEVEL = 0;
				GCC_PREPROCESSOR_DEFINITIONS = (
					"DEBUG=1",
					"$(inherited)",
				);
				GCC_WARN_64_TO_32_BIT_CONVERSION = YES;
				GCC_WARN_ABOUT_RETURN_TYPE = YES_ERROR;
				GCC_WARN_UNDECLARED_SELECTOR = YES;
				GCC_WARN_UNINITIALIZED_AUTOS = YES_AGGRESSIVE;
				GCC_WARN_UNUSED_FUNCTION = YES;
				GCC_WARN_UNUSED_VARIABLE = YES;
				IPHONEOS_DEPLOYMENT_TARGET = 11.1;
				MTL_ENABLE_DEBUG_INFO = YES;
				ONLY_ACTIVE_ARCH = YES;
				SDKROOT = iphoneos;
			};
			name = Debug;
		};
		22FDD3281FEB509B00043B1D /* Release */ = {
			isa = XCBuildConfiguration;
			buildSettings = {
				ALWAYS_SEARCH_USER_PATHS = NO;
				CLANG_ANALYZER_LOCALIZABILITY_NONLOCALIZED = YES;
				CLANG_ANALYZER_NONNULL = YES;
				CLANG_ANALYZER_NUMBER_OBJECT_CONVERSION = YES_AGGRESSIVE;
				CLANG_CXX_LANGUAGE_STANDARD = "gnu++14";
				CLANG_CXX_LIBRARY = "libc++";
				CLANG_ENABLE_MODULES = YES;
				CLANG_ENABLE_OBJC_ARC = YES;
				CLANG_WARN_BLOCK_CAPTURE_AUTORELEASING = YES;
				CLANG_WARN_BOOL_CONVERSION = YES;
				CLANG_WARN_COMMA = YES;
				CLANG_WARN_CONSTANT_CONVERSION = YES;
				CLANG_WARN_DIRECT_OBJC_ISA_USAGE = YES_ERROR;
				CLANG_WARN_DOCUMENTATION_COMMENTS = YES;
				CLANG_WARN_EMPTY_BODY = YES;
				CLANG_WARN_ENUM_CONVERSION = YES;
				CLANG_WARN_INFINITE_RECURSION = YES;
				CLANG_WARN_INT_CONVERSION = YES;
				CLANG_WARN_NON_LITERAL_NULL_CONVERSION = YES;
				CLANG_WARN_OBJC_LITERAL_CONVERSION = YES;
				CLANG_WARN_OBJC_ROOT_CLASS = YES_ERROR;
				CLANG_WARN_RANGE_LOOP_ANALYSIS = YES;
				CLANG_WARN_STRICT_PROTOTYPES = YES;
				CLANG_WARN_SUSPICIOUS_MOVE = YES;
				CLANG_WARN_UNGUARDED_AVAILABILITY = YES_AGGRESSIVE;
				CLANG_WARN_UNREACHABLE_CODE = YES;
				CLANG_WARN__DUPLICATE_METHOD_MATCH = YES;
				CODE_SIGN_IDENTITY = "iPhone Developer";
				COPY_PHASE_STRIP = NO;
				DEBUG_INFORMATION_FORMAT = "dwarf-with-dsym";
				ENABLE_NS_ASSERTIONS = NO;
				ENABLE_STRICT_OBJC_MSGSEND = YES;
				GCC_C_LANGUAGE_STANDARD = gnu11;
				GCC_NO_COMMON_BLOCKS = YES;
				GCC_WARN_64_TO_32_BIT_CONVERSION = YES;
				GCC_WARN_ABOUT_RETURN_TYPE = YES_ERROR;
				GCC_WARN_UNDECLARED_SELECTOR = YES;
				GCC_WARN_UNINITIALIZED_AUTOS = YES_AGGRESSIVE;
				GCC_WARN_UNUSED_FUNCTION = YES;
				GCC_WARN_UNUSED_VARIABLE = YES;
				IPHONEOS_DEPLOYMENT_TARGET = 11.1;
				MTL_ENABLE_DEBUG_INFO = NO;
				SDKROOT = iphoneos;
				VALIDATE_PRODUCT = YES;
			};
			name = Release;
		};
		22FDD32A1FEB509B00043B1D /* Debug */ = {
			isa = XCBuildConfiguration;
			baseConfigurationReference = 5E5A0C7B7348DE0D23916642 /* Pods-EasyNotePro.debug.xcconfig */;
			buildSettings = {
				ASSETCATALOG_COMPILER_APPICON_NAME = AppIcon;
				CODE_SIGN_STYLE = Automatic;
				DEVELOPMENT_TEAM = 6D8PJTK26L;
				GCC_PRECOMPILE_PREFIX_HEADER = YES;
				GCC_PREFIX_HEADER = /Users/zhoudongwei/EastNote/EasyNotePro/EasyNotePro/MainProject/Macro/EasyNotePch.pch;
				INFOPLIST_FILE = EasyNotePro/Info.plist;
				IPHONEOS_DEPLOYMENT_TARGET = 9.0;
				LD_RUNPATH_SEARCH_PATHS = "$(inherited) @executable_path/Frameworks";
				PRODUCT_BUNDLE_IDENTIFIER = zhou.EasyNotePro;
				PRODUCT_NAME = "$(TARGET_NAME)";
				TARGETED_DEVICE_FAMILY = 1;
			};
			name = Debug;
		};
		22FDD32B1FEB509B00043B1D /* Release */ = {
			isa = XCBuildConfiguration;
			baseConfigurationReference = 84FC10A7E8ACA4E829E42888 /* Pods-EasyNotePro.release.xcconfig */;
			buildSettings = {
				ASSETCATALOG_COMPILER_APPICON_NAME = AppIcon;
				CODE_SIGN_STYLE = Automatic;
				DEVELOPMENT_TEAM = 6D8PJTK26L;
				GCC_PRECOMPILE_PREFIX_HEADER = YES;
				GCC_PREFIX_HEADER = /Users/zhoudongwei/EastNote/EasyNotePro/EasyNotePro/MainProject/Macro/EasyNotePch.pch;
				INFOPLIST_FILE = EasyNotePro/Info.plist;
				IPHONEOS_DEPLOYMENT_TARGET = 9.0;
				LD_RUNPATH_SEARCH_PATHS = "$(inherited) @executable_path/Frameworks";
				PRODUCT_BUNDLE_IDENTIFIER = zhou.EasyNotePro;
				PRODUCT_NAME = "$(TARGET_NAME)";
				TARGETED_DEVICE_FAMILY = 1;
			};
			name = Release;
		};
		22FDD32D1FEB509B00043B1D /* Debug */ = {
			isa = XCBuildConfiguration;
			buildSettings = {
				BUNDLE_LOADER = "$(TEST_HOST)";
				CODE_SIGN_STYLE = Automatic;
				DEVELOPMENT_TEAM = 6D8PJTK26L;
				INFOPLIST_FILE = EasyNoteProTests/Info.plist;
				LD_RUNPATH_SEARCH_PATHS = "$(inherited) @executable_path/Frameworks @loader_path/Frameworks";
				PRODUCT_BUNDLE_IDENTIFIER = zhou.EasyNoteProTests;
				PRODUCT_NAME = "$(TARGET_NAME)";
				TARGETED_DEVICE_FAMILY = "1,2";
				TEST_HOST = "$(BUILT_PRODUCTS_DIR)/EasyNotePro.app/EasyNotePro";
			};
			name = Debug;
		};
		22FDD32E1FEB509B00043B1D /* Release */ = {
			isa = XCBuildConfiguration;
			buildSettings = {
				BUNDLE_LOADER = "$(TEST_HOST)";
				CODE_SIGN_STYLE = Automatic;
				DEVELOPMENT_TEAM = 6D8PJTK26L;
				INFOPLIST_FILE = EasyNoteProTests/Info.plist;
				LD_RUNPATH_SEARCH_PATHS = "$(inherited) @executable_path/Frameworks @loader_path/Frameworks";
				PRODUCT_BUNDLE_IDENTIFIER = zhou.EasyNoteProTests;
				PRODUCT_NAME = "$(TARGET_NAME)";
				TARGETED_DEVICE_FAMILY = "1,2";
				TEST_HOST = "$(BUILT_PRODUCTS_DIR)/EasyNotePro.app/EasyNotePro";
			};
			name = Release;
		};
		22FDD3301FEB509B00043B1D /* Debug */ = {
			isa = XCBuildConfiguration;
			buildSettings = {
				CODE_SIGN_STYLE = Automatic;
				DEVELOPMENT_TEAM = 6D8PJTK26L;
				INFOPLIST_FILE = EasyNoteProUITests/Info.plist;
				LD_RUNPATH_SEARCH_PATHS = "$(inherited) @executable_path/Frameworks @loader_path/Frameworks";
				PRODUCT_BUNDLE_IDENTIFIER = zhou.EasyNoteProUITests;
				PRODUCT_NAME = "$(TARGET_NAME)";
				TARGETED_DEVICE_FAMILY = "1,2";
				TEST_TARGET_NAME = EasyNotePro;
			};
			name = Debug;
		};
		22FDD3311FEB509B00043B1D /* Release */ = {
			isa = XCBuildConfiguration;
			buildSettings = {
				CODE_SIGN_STYLE = Automatic;
				DEVELOPMENT_TEAM = 6D8PJTK26L;
				INFOPLIST_FILE = EasyNoteProUITests/Info.plist;
				LD_RUNPATH_SEARCH_PATHS = "$(inherited) @executable_path/Frameworks @loader_path/Frameworks";
				PRODUCT_BUNDLE_IDENTIFIER = zhou.EasyNoteProUITests;
				PRODUCT_NAME = "$(TARGET_NAME)";
				TARGETED_DEVICE_FAMILY = "1,2";
				TEST_TARGET_NAME = EasyNotePro;
			};
			name = Release;
		};
/* End XCBuildConfiguration section */

/* Begin XCConfigurationList section */
		22FDD2F81FEB509A00043B1D /* Build configuration list for PBXProject "EasyNotePro" */ = {
			isa = XCConfigurationList;
			buildConfigurations = (
				22FDD3271FEB509B00043B1D /* Debug */,
				22FDD3281FEB509B00043B1D /* Release */,
			);
			defaultConfigurationIsVisible = 0;
			defaultConfigurationName = Release;
		};
		22FDD3291FEB509B00043B1D /* Build configuration list for PBXNativeTarget "EasyNotePro" */ = {
			isa = XCConfigurationList;
			buildConfigurations = (
				22FDD32A1FEB509B00043B1D /* Debug */,
				22FDD32B1FEB509B00043B1D /* Release */,
			);
			defaultConfigurationIsVisible = 0;
			defaultConfigurationName = Release;
		};
		22FDD32C1FEB509B00043B1D /* Build configuration list for PBXNativeTarget "EasyNoteProTests" */ = {
			isa = XCConfigurationList;
			buildConfigurations = (
				22FDD32D1FEB509B00043B1D /* Debug */,
				22FDD32E1FEB509B00043B1D /* Release */,
			);
			defaultConfigurationIsVisible = 0;
			defaultConfigurationName = Release;
		};
		22FDD32F1FEB509B00043B1D /* Build configuration list for PBXNativeTarget "EasyNoteProUITests" */ = {
			isa = XCConfigurationList;
			buildConfigurations = (
				22FDD3301FEB509B00043B1D /* Debug */,
				22FDD3311FEB509B00043B1D /* Release */,
			);
			defaultConfigurationIsVisible = 0;
			defaultConfigurationName = Release;
		};
/* End XCConfigurationList section */
	};
	rootObject = 22FDD2F51FEB509A00043B1D /* Project object */;
}
