// !$*UTF8*$!
{
	archiveVersion = 1;
	classes = {
	};
	objectVersion = 48;
	objects = {

/* Begin PBXBuildFile section */
		22FDD3021FEB509A00043B1D /* AppDelegate.m in Sources */ = {isa = PBXBuildFile; fileRef = 22FDD3011FEB509A00043B1D /* AppDelegate.m */; };
		22FDD3051FEB509A00043B1D /* ViewController.m in Sources */ = {isa = PBXBuildFile; fileRef = 22FDD3041FEB509A00043B1D /* ViewController.m */; };
		22FDD3081FEB509A00043B1D /* Main.storyboard in Resources */ = {isa = PBXBuildFile; fileRef = 22FDD3061FEB509A00043B1D /* Main.storyboard */; };
		22FDD30A1FEB509A00043B1D /* Assets.xcassets in Resources */ = {isa = PBXBuildFile; fileRef = 22FDD3091FEB509A00043B1D /* Assets.xcassets */; };
		22FDD30D1FEB509A00043B1D /* LaunchScreen.storyboard in Resources */ = {isa = PBXBuildFile; fileRef = 22FDD30B1FEB509A00043B1D /* LaunchScreen.storyboard */; };
		22FDD3101FEB509A00043B1D /* main.m in Sources */ = {isa = PBXBuildFile; fileRef = 22FDD30F1FEB509A00043B1D /* main.m */; };
		22FDD31A1FEB509B00043B1D /* EasyNoteProTests.m in Sources */ = {isa = PBXBuildFile; fileRef = 22FDD3191FEB509B00043B1D /* EasyNoteProTests.m */; };
		22FDD3251FEB509B00043B1D /* EasyNoteProUITests.m in Sources */ = {isa = PBXBuildFile; fileRef = 22FDD3241FEB509B00043B1D /* EasyNoteProUITests.m */; };
/* End PBXBuildFile section */

/* Begin PBXContainerItemProxy section */
		22FDD3161FEB509B00043B1D /* PBXContainerItemProxy */ = {
			isa = PBXContainerItemProxy;
			containerPortal = 22FDD2F51FEB509A00043B1D /* Project object */;
			proxyType = 1;
			remoteGlobalIDString = 22FDD2FC1FEB509A00043B1D;
			remoteInfo = EasyNotePro;
		};
		22FDD3211FEB509B00043B1D /* PBXContainerItemProxy */ = {
			isa = PBXContainerItemProxy;
			containerPortal = 22FDD2F51FEB509A00043B1D /* Project object */;
			proxyType = 1;
			remoteGlobalIDString = 22FDD2FC1FEB509A00043B1D;
			remoteInfo = EasyNotePro;
		};
/* End PBXContainerItemProxy section */

/* Begin PBXFileReference section */
		22FDD2FD1FEB509A00043B1D /* EasyNotePro.app */ = {isa = PBXFileReference; explicitFileType = wrapper.application; includeInIndex = 0; path = EasyNotePro.app; sourceTree = BUILT_PRODUCTS_DIR; };
		22FDD3001FEB509A00043B1D /* AppDelegate.h */ = {isa = PBXFileReference; lastKnownFileType = sourcecode.c.h; path = AppDelegate.h; sourceTree = "<group>"; };
		22FDD3011FEB509A00043B1D /* AppDelegate.m */ = {isa = PBXFileReference; lastKnownFileType = sourcecode.c.objc; path = AppDelegate.m; sourceTree = "<group>"; };
		22FDD3031FEB509A00043B1D /* ViewController.h */ = {isa = PBXFileReference; lastKnownFileType = sourcecode.c.h; path = ViewController.h; sourceTree = "<group>"; };
		22FDD3041FEB509A00043B1D /* ViewController.m */ = {isa = PBXFileReference; lastKnownFileType = sourcecode.c.objc; path = ViewController.m; sourceTree = "<group>"; };
		22FDD3071FEB509A00043B1D /* Base */ = {isa = PBXFileReference; lastKnownFileType = file.storyboard; name = Base; path = Base.lproj/Main.storyboard; sourceTree = "<group>"; };
		22FDD3091FEB509A00043B1D /* Assets.xcassets */ = {isa = PBXFileReference; lastKnownFileType = folder.assetcatalog; path = Assets.xcassets; sourceTree = "<group>"; };
		22FDD30C1FEB509A00043B1D /* Base */ = {isa = PBXFileReference; lastKnownFileType = file.storyboard; name = Base; path = Base.lproj/LaunchScreen.storyboard; sourceTree = "<group>"; };
		22FDD30E1FEB509A00043B1D /* Info.plist */ = {isa = PBXFileReference; lastKnownFileType = text.plist.xml; path = Info.plist; sourceTree = "<group>"; };
		22FDD30F1FEB509A00043B1D /* main.m */ = {isa = PBXFileReference; lastKnownFileType = sourcecode.c.objc; path = main.m; sourceTree = "<group>"; };
		22FDD3151FEB509B00043B1D /* EasyNoteProTests.xctest */ = {isa = PBXFileReference; explicitFileType = wrapper.cfbundle; includeInIndex = 0; path = EasyNoteProTests.xctest; sourceTree = BUILT_PRODUCTS_DIR; };
		22FDD3191FEB509B00043B1D /* EasyNoteProTests.m */ = {isa = PBXFileReference; lastKnownFileType = sourcecode.c.objc; path = EasyNoteProTests.m; sourceTree = "<group>"; };
		22FDD31B1FEB509B00043B1D /* Info.plist */ = {isa = PBXFileReference; lastKnownFileType = text.plist.xml; path = Info.plist; sourceTree = "<group>"; };
		22FDD3201FEB509B00043B1D /* EasyNoteProUITests.xctest */ = {isa = PBXFileReference; explicitFileType = wrapper.cfbundle; includeInIndex = 0; path = EasyNoteProUITests.xctest; sourceTree = BUILT_PRODUCTS_DIR; };
		22FDD3241FEB509B00043B1D /* EasyNoteProUITests.m */ = {isa = PBXFileReference; lastKnownFileType = sourcecode.c.objc; path = EasyNoteProUITests.m; sourceTree = "<group>"; };
		22FDD3261FEB509B00043B1D /* Info.plist */ = {isa = PBXFileReference; lastKnownFileType = text.plist.xml; path = Info.plist; sourceTree = "<group>"; };
/* End PBXFileReference section */

/* Begin PBXFrameworksBuildPhase section */
		22FDD2FA1FEB509A00043B1D /* Frameworks */ = {
			isa = PBXFrameworksBuildPhase;
			buildActionMask = 2147483647;
			files = (
			);
			runOnlyForDeploymentPostprocessing = 0;
		};
		22FDD3121FEB509B00043B1D /* Frameworks */ = {
			isa = PBXFrameworksBuildPhase;
			buildActionMask = 2147483647;
			files = (
			);
			runOnlyForDeploymentPostprocessing = 0;
		};
		22FDD31D1FEB509B00043B1D /* Frameworks */ = {
			isa = PBXFrameworksBuildPhase;
			buildActionMask = 2147483647;
			files = (
			);
			runOnlyForDeploymentPostprocessing = 0;
		};
/* End PBXFrameworksBuildPhase section */

/* Begin PBXGroup section */
		22FDD2F41FEB509A00043B1D = {
			isa = PBXGroup;
			children = (
				22FDD2FF1FEB509A00043B1D /* EasyNotePro */,
				22FDD3181FEB509B00043B1D /* EasyNoteProTests */,
				22FDD3231FEB509B00043B1D /* EasyNoteProUITests */,
				22FDD2FE1FEB509A00043B1D /* Products */,
			);
			sourceTree = "<group>";
		};
		22FDD2FE1FEB509A00043B1D /* Products */ = {
			isa = PBXGroup;
			children = (
				22FDD2FD1FEB509A00043B1D /* EasyNotePro.app */,
				22FDD3151FEB509B00043B1D /* EasyNoteProTests.xctest */,
				22FDD3201FEB509B00043B1D /* EasyNoteProUITests.xctest */,
			);
			name = Products;
			sourceTree = "<group>";
		};
		22FDD2FF1FEB509A00043B1D /* EasyNotePro */ = {
			isa = PBXGroup;
			children = (
				22FDD3001FEB509A00043B1D /* AppDelegate.h */,
				22FDD3011FEB509A00043B1D /* AppDelegate.m */,
				22FDD3031FEB509A00043B1D /* ViewController.h */,
				22FDD3041FEB509A00043B1D /* ViewController.m */,
				22FDD3061FEB509A00043B1D /* Main.storyboard */,
				22FDD3091FEB509A00043B1D /* Assets.xcassets */,
				22FDD30B1FEB509A00043B1D /* LaunchScreen.storyboard */,
				22FDD30E1FEB509A00043B1D /* Info.plist */,
				22FDD30F1FEB509A00043B1D /* main.m */,
			);
			path = EasyNotePro;
			sourceTree = "<group>";
		};
		22FDD3181FEB509B00043B1D /* EasyNoteProTests */ = {
			isa = PBXGroup;
			children = (
				22FDD3191FEB509B00043B1D /* EasyNoteProTests.m */,
				22FDD31B1FEB509B00043B1D /* Info.plist */,
			);
			path = EasyNoteProTests;
			sourceTree = "<group>";
		};
		22FDD3231FEB509B00043B1D /* EasyNoteProUITests */ = {
			isa = PBXGroup;
			children = (
				22FDD3241FEB509B00043B1D /* EasyNoteProUITests.m */,
				22FDD3261FEB509B00043B1D /* Info.plist */,
			);
			path = EasyNoteProUITests;
			sourceTree = "<group>";
		};
/* End PBXGroup section */

/* Begin PBXNativeTarget section */
		22FDD2FC1FEB509A00043B1D /* EasyNotePro */ = {
			isa = PBXNativeTarget;
			buildConfigurationList = 22FDD3291FEB509B00043B1D /* Build configuration list for PBXNativeTarget "EasyNotePro" */;
			buildPhases = (
				22FDD2F91FEB509A00043B1D /* Sources */,
				22FDD2FA1FEB509A00043B1D /* Frameworks */,
				22FDD2FB1FEB509A00043B1D /* Resources */,
			);
			buildRules = (
			);
			dependencies = (
			);
			name = EasyNotePro;
			productName = EasyNotePro;
			productReference = 22FDD2FD1FEB509A00043B1D /* EasyNotePro.app */;
			productType = "com.apple.product-type.application";
		};
		22FDD3141FEB509B00043B1D /* EasyNoteProTests */ = {
			isa = PBXNativeTarget;
			buildConfigurationList = 22FDD32C1FEB509B00043B1D /* Build configuration list for PBXNativeTarget "EasyNoteProTests" */;
			buildPhases = (
				22FDD3111FEB509B00043B1D /* Sources */,
				22FDD3121FEB509B00043B1D /* Frameworks */,
				22FDD3131FEB509B00043B1D /* Resources */,
			);
			buildRules = (
			);
			dependencies = (
				22FDD3171FEB509B00043B1D /* PBXTargetDependency */,
			);
			name = EasyNoteProTests;
			productName = EasyNoteProTests;
			productReference = 22FDD3151FEB509B00043B1D /* EasyNoteProTests.xctest */;
			productType = "com.apple.product-type.bundle.unit-test";
		};
		22FDD31F1FEB509B00043B1D /* EasyNoteProUITests */ = {
			isa = PBXNativeTarget;
			buildConfigurationList = 22FDD32F1FEB509B00043B1D /* Build configuration list for PBXNativeTarget "EasyNoteProUITests" */;
			buildPhases = (
				22FDD31C1FEB509B00043B1D /* Sources */,
				22FDD31D1FEB509B00043B1D /* Frameworks */,
				22FDD31E1FEB509B00043B1D /* Resources */,
			);
			buildRules = (
			);
			dependencies = (
				22FDD3221FEB509B00043B1D /* PBXTargetDependency */,
			);
			name = EasyNoteProUITests;
			productName = EasyNoteProUITests;
			productReference = 22FDD3201FEB509B00043B1D /* EasyNoteProUITests.xctest */;
			productType = "com.apple.product-type.bundle.ui-testing";
		};
/* End PBXNativeTarget section */

/* Begin PBXProject section */
		22FDD2F51FEB509A00043B1D /* Project object */ = {
			isa = PBXProject;
			attributes = {
				LastUpgradeCheck = 0910;
				ORGANIZATIONNAME = ZSwift;
				TargetAttributes = {
					22FDD2FC1FEB509A00043B1D = {
						CreatedOnToolsVersion = 9.1;
						ProvisioningStyle = Automatic;
					};
					22FDD3141FEB509B00043B1D = {
						CreatedOnToolsVersion = 9.1;
						ProvisioningStyle = Automatic;
						TestTargetID = 22FDD2FC1FEB509A00043B1D;
					};
					22FDD31F1FEB509B00043B1D = {
						CreatedOnToolsVersion = 9.1;
						ProvisioningStyle = Automatic;
						TestTargetID = 22FDD2FC1FEB509A00043B1D;
					};
				};
			};
			buildConfigurationList = 22FDD2F81FEB509A00043B1D /* Build configuration list for PBXProject "EasyNotePro" */;
			compatibilityVersion = "Xcode 8.0";
			developmentRegion = en;
			hasScannedForEncodings = 0;
			knownRegions = (
				en,
				Base,
			);
			mainGroup = 22FDD2F41FEB509A00043B1D;
			productRefGroup = 22FDD2FE1FEB509A00043B1D /* Products */;
			projectDirPath = "";
			projectRoot = "";
			targets = (
				22FDD2FC1FEB509A00043B1D /* EasyNotePro */,
				22FDD3141FEB509B00043B1D /* EasyNoteProTests */,
				22FDD31F1FEB509B00043B1D /* EasyNoteProUITests */,
			);
		};
/* End PBXProject section */

/* Begin PBXResourcesBuildPhase section */
		22FDD2FB1FEB509A00043B1D /* Resources */ = {
			isa = PBXResourcesBuildPhase;
			buildActionMask = 2147483647;
			files = (
				22FDD30D1FEB509A00043B1D /* LaunchScreen.storyboard in Resources */,
				22FDD30A1FEB509A00043B1D /* Assets.xcassets in Resources */,
				22FDD3081FEB509A00043B1D /* Main.storyboard in Resources */,
			);
			runOnlyForDeploymentPostprocessing = 0;
		};
		22FDD3131FEB509B00043B1D /* Resources */ = {
			isa = PBXResourcesBuildPhase;
			buildActionMask = 2147483647;
			files = (
			);
			runOnlyForDeploymentPostprocessing = 0;
		};
		22FDD31E1FEB509B00043B1D /* Resources */ = {
			isa = PBXResourcesBuildPhase;
			buildActionMask = 2147483647;
			files = (
			);
			runOnlyForDeploymentPostprocessing = 0;
		};
/* End PBXResourcesBuildPhase section */

/* Begin PBXSourcesBuildPhase section */
		22FDD2F91FEB509A00043B1D /* Sources */ = {
			isa = PBXSourcesBuildPhase;
			buildActionMask = 2147483647;
			files = (
				22FDD3051FEB509A00043B1D /* ViewController.m in Sources */,
				22FDD3101FEB509A00043B1D /* main.m in Sources */,
				22FDD3021FEB509A00043B1D /* AppDelegate.m in Sources */,
			);
			runOnlyForDeploymentPostprocessing = 0;
		};
		22FDD3111FEB509B00043B1D /* Sources */ = {
			isa = PBXSourcesBuildPhase;
			buildActionMask = 2147483647;
			files = (
				22FDD31A1FEB509B00043B1D /* EasyNoteProTests.m in Sources */,
			);
			runOnlyForDeploymentPostprocessing = 0;
		};
		22FDD31C1FEB509B00043B1D /* Sources */ = {
			isa = PBXSourcesBuildPhase;
			buildActionMask = 2147483647;
			files = (
				22FDD3251FEB509B00043B1D /* EasyNoteProUITests.m in Sources */,
			);
			runOnlyForDeploymentPostprocessing = 0;
		};
/* End PBXSourcesBuildPhase section */

/* Begin PBXTargetDependency section */
		22FDD3171FEB509B00043B1D /* PBXTargetDependency */ = {
			isa = PBXTargetDependency;
			target = 22FDD2FC1FEB509A00043B1D /* EasyNotePro */;
			targetProxy = 22FDD3161FEB509B00043B1D /* PBXContainerItemProxy */;
		};
		22FDD3221FEB509B00043B1D /* PBXTargetDependency */ = {
			isa = PBXTargetDependency;
			target = 22FDD2FC1FEB509A00043B1D /* EasyNotePro */;
			targetProxy = 22FDD3211FEB509B00043B1D /* PBXContainerItemProxy */;
		};
/* End PBXTargetDependency section */

/* Begin PBXVariantGroup section */
		22FDD3061FEB509A00043B1D /* Main.storyboard */ = {
			isa = PBXVariantGroup;
			children = (
				22FDD3071FEB509A00043B1D /* Base */,
			);
			name = Main.storyboard;
			sourceTree = "<group>";
		};
		22FDD30B1FEB509A00043B1D /* LaunchScreen.storyboard */ = {
			isa = PBXVariantGroup;
			children = (
				22FDD30C1FEB509A00043B1D /* Base */,
			);
			name = LaunchScreen.storyboard;
			sourceTree = "<group>";
		};
/* End PBXVariantGroup section */

/* Begin XCBuildConfiguration section */
		22FDD3271FEB509B00043B1D /* Debug */ = {
			isa = XCBuildConfiguration;
			buildSettings = {
				ALWAYS_SEARCH_USER_PATHS = NO;
				CLANG_ANALYZER_NONNULL = YES;
				CLANG_ANALYZER_NUMBER_OBJECT_CONVERSION = YES_AGGRESSIVE;
				CLANG_CXX_LANGUAGE_STANDARD = "gnu++14";
				CLANG_CXX_LIBRARY = "libc++";
				CLANG_ENABLE_MODULES = YES;
				CLANG_ENABLE_OBJC_ARC = YES;
				CLANG_WARN_BLOCK_CAPTURE_AUTORELEASING = YES;
				CLANG_WARN_BOOL_CONVERSION = YES;
				CLANG_WARN_COMMA = YES;
				CLANG_WARN_CONSTANT_CONVERSION = YES;
				CLANG_WARN_DIRECT_OBJC_ISA_USAGE = YES_ERROR;
				CLANG_WARN_DOCUMENTATION_COMMENTS = YES;
				CLANG_WARN_EMPTY_BODY = YES;
				CLANG_WARN_ENUM_CONVERSION = YES;
				CLANG_WARN_INFINITE_RECURSION = YES;
				CLANG_WARN_INT_CONVERSION = YES;
				CLANG_WARN_NON_LITERAL_NULL_CONVERSION = YES;
				CLANG_WARN_OBJC_LITERAL_CONVERSION = YES;
				CLANG_WARN_OBJC_ROOT_CLASS = YES_ERROR;
				CLANG_WARN_RANGE_LOOP_ANALYSIS = YES;
				CLANG_WARN_STRICT_PROTOTYPES = YES;
				CLANG_WARN_SUSPICIOUS_MOVE = YES;
				CLANG_WARN_UNGUARDED_AVAILABILITY = YES_AGGRESSIVE;
				CLANG_WARN_UNREACHABLE_CODE = YES;
				CLANG_WARN__DUPLICATE_METHOD_MATCH = YES;
				CODE_SIGN_IDENTITY = "iPhone Developer";
				COPY_PHASE_STRIP = NO;
				DEBUG_INFORMATION_FORMAT = dwarf;
				ENABLE_STRICT_OBJC_MSGSEND = YES;
				ENABLE_TESTABILITY = YES;
				GCC_C_LANGUAGE_STANDARD = gnu11;
				GCC_DYNAMIC_NO_PIC = NO;
				GCC_NO_COMMON_BLOCKS = YES;
				GCC_OPTIMIZATION_LEVEL = 0;
				GCC_PREPROCESSOR_DEFINITIONS = (
					"DEBUG=1",
					"$(inherited)",
				);
				GCC_WARN_64_TO_32_BIT_CONVERSION = YES;
				GCC_WARN_ABOUT_RETURN_TYPE = YES_ERROR;
				GCC_WARN_UNDECLARED_SELECTOR = YES;
				GCC_WARN_UNINITIALIZED_AUTOS = YES_AGGRESSIVE;
				GCC_WARN_UNUSED_FUNCTION = YES;
				GCC_WARN_UNUSED_VARIABLE = YES;
				IPHONEOS_DEPLOYMENT_TARGET = 11.1;
				MTL_ENABLE_DEBUG_INFO = YES;
				ONLY_ACTIVE_ARCH = YES;
				SDKROOT = iphoneos;
			};
			name = Debug;
		};
		22FDD3281FEB509B00043B1D /* Release */ = {
			isa = XCBuildConfiguration;
			buildSettings = {
				ALWAYS_SEARCH_USER_PATHS = NO;
				CLANG_ANALYZER_NONNULL = YES;
				CLANG_ANALYZER_NUMBER_OBJECT_CONVERSION = YES_AGGRESSIVE;
				CLANG_CXX_LANGUAGE_STANDARD = "gnu++14";
				CLANG_CXX_LIBRARY = "libc++";
				CLANG_ENABLE_MODULES = YES;
				CLANG_ENABLE_OBJC_ARC = YES;
				CLANG_WARN_BLOCK_CAPTURE_AUTORELEASING = YES;
				CLANG_WARN_BOOL_CONVERSION = YES;
				CLANG_WARN_COMMA = YES;
				CLANG_WARN_CONSTANT_CONVERSION = YES;
				CLANG_WARN_DIRECT_OBJC_ISA_USAGE = YES_ERROR;
				CLANG_WARN_DOCUMENTATION_COMMENTS = YES;
				CLANG_WARN_EMPTY_BODY = YES;
				CLANG_WARN_ENUM_CONVERSION = YES;
				CLANG_WARN_INFINITE_RECURSION = YES;
				CLANG_WARN_INT_CONVERSION = YES;
				CLANG_WARN_NON_LITERAL_NULL_CONVERSION = YES;
				CLANG_WARN_OBJC_LITERAL_CONVERSION = YES;
				CLANG_WARN_OBJC_ROOT_CLASS = YES_ERROR;
				CLANG_WARN_RANGE_LOOP_ANALYSIS = YES;
				CLANG_WARN_STRICT_PROTOTYPES = YES;
				CLANG_WARN_SUSPICIOUS_MOVE = YES;
				CLANG_WARN_UNGUARDED_AVAILABILITY = YES_AGGRESSIVE;
				CLANG_WARN_UNREACHABLE_CODE = YES;
				CLANG_WARN__DUPLICATE_METHOD_MATCH = YES;
				CODE_SIGN_IDENTITY = "iPhone Developer";
				COPY_PHASE_STRIP = NO;
				DEBUG_INFORMATION_FORMAT = "dwarf-with-dsym";
				ENABLE_NS_ASSERTIONS = NO;
				ENABLE_STRICT_OBJC_MSGSEND = YES;
				GCC_C_LANGUAGE_STANDARD = gnu11;
				GCC_NO_COMMON_BLOCKS = YES;
				GCC_WARN_64_TO_32_BIT_CONVERSION = YES;
				GCC_WARN_ABOUT_RETURN_TYPE = YES_ERROR;
				GCC_WARN_UNDECLARED_SELECTOR = YES;
				GCC_WARN_UNINITIALIZED_AUTOS = YES_AGGRESSIVE;
				GCC_WARN_UNUSED_FUNCTION = YES;
				GCC_WARN_UNUSED_VARIABLE = YES;
				IPHONEOS_DEPLOYMENT_TARGET = 11.1;
				MTL_ENABLE_DEBUG_INFO = NO;
				SDKROOT = iphoneos;
				VALIDATE_PRODUCT = YES;
			};
			name = Release;
		};
		22FDD32A1FEB509B00043B1D /* Debug */ = {
			isa = XCBuildConfiguration;
			buildSettings = {
				ASSETCATALOG_COMPILER_APPICON_NAME = AppIcon;
				CODE_SIGN_STYLE = Automatic;
				DEVELOPMENT_TEAM = 6D8PJTK26L;
				INFOPLIST_FILE = EasyNotePro/Info.plist;
				LD_RUNPATH_SEARCH_PATHS = "$(inherited) @executable_path/Frameworks";
				PRODUCT_BUNDLE_IDENTIFIER = zhou.EasyNotePro;
				PRODUCT_NAME = "$(TARGET_NAME)";
				TARGETED_DEVICE_FAMILY = "1,2";
			};
			name = Debug;
		};
		22FDD32B1FEB509B00043B1D /* Release */ = {
			isa = XCBuildConfiguration;
			buildSettings = {
				ASSETCATALOG_COMPILER_APPICON_NAME = AppIcon;
				CODE_SIGN_STYLE = Automatic;
				DEVELOPMENT_TEAM = 6D8PJTK26L;
				INFOPLIST_FILE = EasyNotePro/Info.plist;
				LD_RUNPATH_SEARCH_PATHS = "$(inherited) @executable_path/Frameworks";
				PRODUCT_BUNDLE_IDENTIFIER = zhou.EasyNotePro;
				PRODUCT_NAME = "$(TARGET_NAME)";
				TARGETED_DEVICE_FAMILY = "1,2";
			};
			name = Release;
		};
		22FDD32D1FEB509B00043B1D /* Debug */ = {
			isa = XCBuildConfiguration;
			buildSettings = {
				BUNDLE_LOADER = "$(TEST_HOST)";
				CODE_SIGN_STYLE = Automatic;
				DEVELOPMENT_TEAM = 6D8PJTK26L;
				INFOPLIST_FILE = EasyNoteProTests/Info.plist;
				LD_RUNPATH_SEARCH_PATHS = "$(inherited) @executable_path/Frameworks @loader_path/Frameworks";
				PRODUCT_BUNDLE_IDENTIFIER = zhou.EasyNoteProTests;
				PRODUCT_NAME = "$(TARGET_NAME)";
				TARGETED_DEVICE_FAMILY = "1,2";
				TEST_HOST = "$(BUILT_PRODUCTS_DIR)/EasyNotePro.app/EasyNotePro";
			};
			name = Debug;
		};
		22FDD32E1FEB509B00043B1D /* Release */ = {
			isa = XCBuildConfiguration;
			buildSettings = {
				BUNDLE_LOADER = "$(TEST_HOST)";
				CODE_SIGN_STYLE = Automatic;
				DEVELOPMENT_TEAM = 6D8PJTK26L;
				INFOPLIST_FILE = EasyNoteProTests/Info.plist;
				LD_RUNPATH_SEARCH_PATHS = "$(inherited) @executable_path/Frameworks @loader_path/Frameworks";
				PRODUCT_BUNDLE_IDENTIFIER = zhou.EasyNoteProTests;
				PRODUCT_NAME = "$(TARGET_NAME)";
				TARGETED_DEVICE_FAMILY = "1,2";
				TEST_HOST = "$(BUILT_PRODUCTS_DIR)/EasyNotePro.app/EasyNotePro";
			};
			name = Release;
		};
		22FDD3301FEB509B00043B1D /* Debug */ = {
			isa = XCBuildConfiguration;
			buildSettings = {
				CODE_SIGN_STYLE = Automatic;
				DEVELOPMENT_TEAM = 6D8PJTK26L;
				INFOPLIST_FILE = EasyNoteProUITests/Info.plist;
				LD_RUNPATH_SEARCH_PATHS = "$(inherited) @executable_path/Frameworks @loader_path/Frameworks";
				PRODUCT_BUNDLE_IDENTIFIER = zhou.EasyNoteProUITests;
				PRODUCT_NAME = "$(TARGET_NAME)";
				TARGETED_DEVICE_FAMILY = "1,2";
				TEST_TARGET_NAME = EasyNotePro;
			};
			name = Debug;
		};
		22FDD3311FEB509B00043B1D /* Release */ = {
			isa = XCBuildConfiguration;
			buildSettings = {
				CODE_SIGN_STYLE = Automatic;
				DEVELOPMENT_TEAM = 6D8PJTK26L;
				INFOPLIST_FILE = EasyNoteProUITests/Info.plist;
				LD_RUNPATH_SEARCH_PATHS = "$(inherited) @executable_path/Frameworks @loader_path/Frameworks";
				PRODUCT_BUNDLE_IDENTIFIER = zhou.EasyNoteProUITests;
				PRODUCT_NAME = "$(TARGET_NAME)";
				TARGETED_DEVICE_FAMILY = "1,2";
				TEST_TARGET_NAME = EasyNotePro;
			};
			name = Release;
		};
/* End XCBuildConfiguration section */

/* Begin XCConfigurationList section */
		22FDD2F81FEB509A00043B1D /* Build configuration list for PBXProject "EasyNotePro" */ = {
			isa = XCConfigurationList;
			buildConfigurations = (
				22FDD3271FEB509B00043B1D /* Debug */,
				22FDD3281FEB509B00043B1D /* Release */,
			);
			defaultConfigurationIsVisible = 0;
			defaultConfigurationName = Release;
		};
		22FDD3291FEB509B00043B1D /* Build configuration list for PBXNativeTarget "EasyNotePro" */ = {
			isa = XCConfigurationList;
			buildConfigurations = (
				22FDD32A1FEB509B00043B1D /* Debug */,
				22FDD32B1FEB509B00043B1D /* Release */,
			);
			defaultConfigurationIsVisible = 0;
			defaultConfigurationName = Release;
		};
		22FDD32C1FEB509B00043B1D /* Build configuration list for PBXNativeTarget "EasyNoteProTests" */ = {
			isa = XCConfigurationList;
			buildConfigurations = (
				22FDD32D1FEB509B00043B1D /* Debug */,
				22FDD32E1FEB509B00043B1D /* Release */,
			);
			defaultConfigurationIsVisible = 0;
			defaultConfigurationName = Release;
		};
		22FDD32F1FEB509B00043B1D /* Build configuration list for PBXNativeTarget "EasyNoteProUITests" */ = {
			isa = XCConfigurationList;
			buildConfigurations = (
				22FDD3301FEB509B00043B1D /* Debug */,
				22FDD3311FEB509B00043B1D /* Release */,
			);
			defaultConfigurationIsVisible = 0;
			defaultConfigurationName = Release;
		};
/* End XCConfigurationList section */
	};
	rootObject = 22FDD2F51FEB509A00043B1D /* Project object */;
}
